// !$*UTF8*$!
{
	archiveVersion = 1;
	classes = {
	};
	objectVersion = 60;
	objects = {

/* Begin PBXBuildFile section */
		F01573852BE3AE7400FDA7D0 /* ATTServiceProtocol.swift in Sources */ = {isa = PBXBuildFile; fileRef = F01573842BE3AE7400FDA7D0 /* ATTServiceProtocol.swift */; };
		F01573872BE3AE7E00FDA7D0 /* ATTService.swift in Sources */ = {isa = PBXBuildFile; fileRef = F01573862BE3AE7E00FDA7D0 /* ATTService.swift */; };
		F015739B2BEA10CD00FDA7D0 /* AdServiceProtocol.swift in Sources */ = {isa = PBXBuildFile; fileRef = F015739A2BEA10CD00FDA7D0 /* AdServiceProtocol.swift */; };
		F015739D2BEA10DA00FDA7D0 /* AdmobService.swift in Sources */ = {isa = PBXBuildFile; fileRef = F015739C2BEA10DA00FDA7D0 /* AdmobService.swift */; };
		F015739F2BEA147300FDA7D0 /* AdLoaderProtocol.swift in Sources */ = {isa = PBXBuildFile; fileRef = F015739E2BEA147300FDA7D0 /* AdLoaderProtocol.swift */; };
		F01573A12BEA2D8000FDA7D0 /* TrackableServiceProtocol.swift in Sources */ = {isa = PBXBuildFile; fileRef = F01573A02BEA2D8000FDA7D0 /* TrackableServiceProtocol.swift */; };
		F01573A42BF3238400FDA7D0 /* AdmobAppOpenAdLoader.swift in Sources */ = {isa = PBXBuildFile; fileRef = F01573A32BF3238400FDA7D0 /* AdmobAppOpenAdLoader.swift */; };
		F015740F2BFC53AF00FDA7D0 /* AdmobInterstitialAdLoader.swift in Sources */ = {isa = PBXBuildFile; fileRef = F015740E2BFC53AF00FDA7D0 /* AdmobInterstitialAdLoader.swift */; };
		F02C32A22BE68A3B006F5F75 /* ACCCoreAdMob.h in Headers */ = {isa = PBXBuildFile; fileRef = F02C32A12BE68A3B006F5F75 /* ACCCoreAdMob.h */; settings = {ATTRIBUTES = (Public, ); }; };
		F02C32A62BE68A93006F5F75 /* ACCCore.framework in Frameworks */ = {isa = PBXBuildFile; fileRef = F0FB210D2BA9689700ECEB56 /* ACCCore.framework */; };
		F02C32AD2BE696BC006F5F75 /* GoogleUMPService.swift in Sources */ = {isa = PBXBuildFile; fileRef = F02C32AC2BE696BC006F5F75 /* GoogleUMPService.swift */; };
		F02C32AF2BE69704006F5F75 /* GoogleUMPServiceProtocol.swift in Sources */ = {isa = PBXBuildFile; fileRef = F02C32AE2BE69704006F5F75 /* GoogleUMPServiceProtocol.swift */; };
		F02C32B22BE6977F006F5F75 /* GoogleMobileAds.xcframework in Frameworks */ = {isa = PBXBuildFile; fileRef = F02C32B02BE6977E006F5F75 /* GoogleMobileAds.xcframework */; };
		F02C32B42BE6977F006F5F75 /* UserMessagingPlatform.xcframework in Frameworks */ = {isa = PBXBuildFile; fileRef = F02C32B12BE6977F006F5F75 /* UserMessagingPlatform.xcframework */; };
		F02C32B82BE7989A006F5F75 /* AdSupport.framework in Frameworks */ = {isa = PBXBuildFile; fileRef = F08BCE6A2BD2197C0067DFC5 /* AdSupport.framework */; };
		F02C32BA2BE79B2F006F5F75 /* JavaScriptCore.framework in Frameworks */ = {isa = PBXBuildFile; fileRef = F02C32B92BE79B2F006F5F75 /* JavaScriptCore.framework */; };
		F02C32BB2BE79B51006F5F75 /* AdSupport.framework in Frameworks */ = {isa = PBXBuildFile; fileRef = F08BCE6A2BD2197C0067DFC5 /* AdSupport.framework */; };
		F02C32BF2BEA6A92006F5F75 /* ACCApp.swift in Sources */ = {isa = PBXBuildFile; fileRef = F02C32BE2BEA6A92006F5F75 /* ACCApp.swift */; };
		F02C32C22BEB3794006F5F75 /* AdMobBannerAdLoader.swift in Sources */ = {isa = PBXBuildFile; fileRef = F02C32C12BEB3794006F5F75 /* AdMobBannerAdLoader.swift */; };
		F02C32C42BEB4A29006F5F75 /* ACCAdSize.swift in Sources */ = {isa = PBXBuildFile; fileRef = F02C32C32BEB4A29006F5F75 /* ACCAdSize.swift */; };
		F02C32C62BEB5026006F5F75 /* GADAdSize+ACCAdSize.swift in Sources */ = {isa = PBXBuildFile; fileRef = F02C32C52BEB5026006F5F75 /* GADAdSize+ACCAdSize.swift */; };
		F05C23102BE20257003DEC6D /* ACCCoreUtilities.h in Headers */ = {isa = PBXBuildFile; fileRef = F05C230F2BE20257003DEC6D /* ACCCoreUtilities.h */; settings = {ATTRIBUTES = (Public, ); }; };
		F05C23142BE202EC003DEC6D /* URLSession+nonisolated.swift in Sources */ = {isa = PBXBuildFile; fileRef = F066D9202BCFAE8B003F5690 /* URLSession+nonisolated.swift */; };
		F05C23152BE202EC003DEC6D /* AnyPublisher+Sendable.swift in Sources */ = {isa = PBXBuildFile; fileRef = F066D9212BCFAE8B003F5690 /* AnyPublisher+Sendable.swift */; };
		F05C231C2BE204C8003DEC6D /* ACCLogger.swift in Sources */ = {isa = PBXBuildFile; fileRef = F066D9242BCFAEC6003F5690 /* ACCLogger.swift */; };
		F05C23222BE20660003DEC6D /* UserDefaults+DefaultValue.swift in Sources */ = {isa = PBXBuildFile; fileRef = F05C23212BE20660003DEC6D /* UserDefaults+DefaultValue.swift */; };
		F05C23232BE20AE7003DEC6D /* ACCCoreUtilities.framework in Frameworks */ = {isa = PBXBuildFile; fileRef = F05C230D2BE20257003DEC6D /* ACCCoreUtilities.framework */; };
		F05C232A2BE4E158003DEC6D /* AppEnvironment.swift in Sources */ = {isa = PBXBuildFile; fileRef = F05C23292BE4E158003DEC6D /* AppEnvironment.swift */; };
		F066D91D2BCFA5E1003F5690 /* ServiceState.swift in Sources */ = {isa = PBXBuildFile; fileRef = F066D91C2BCFA5E1003F5690 /* ServiceState.swift */; };
		F066D9282BCFBB85003F5690 /* AnalyticsEvent.swift in Sources */ = {isa = PBXBuildFile; fileRef = F066D9272BCFBB85003F5690 /* AnalyticsEvent.swift */; };
		F066D92A2BCFBBE6003F5690 /* AnalyticsPlatformProtocol.swift in Sources */ = {isa = PBXBuildFile; fileRef = F066D9292BCFBBE6003F5690 /* AnalyticsPlatformProtocol.swift */; };
		F066D92C2BCFBC4E003F5690 /* AnalyticsEventTrackerProtocol.swift in Sources */ = {isa = PBXBuildFile; fileRef = F066D92B2BCFBC4E003F5690 /* AnalyticsEventTrackerProtocol.swift */; };
		F066D9402BCFE253003F5690 /* ACCCoreFirebase.h in Headers */ = {isa = PBXBuildFile; fileRef = F066D93F2BCFE253003F5690 /* ACCCoreFirebase.h */; settings = {ATTRIBUTES = (Public, ); }; };
		F066D9452BCFE260003F5690 /* ACCCore.framework in Frameworks */ = {isa = PBXBuildFile; fileRef = F0FB210D2BA9689700ECEB56 /* ACCCore.framework */; };
		F0704D5F2BD7B7690069F3CA /* FirebaseMessagingServiceProtocol.swift in Sources */ = {isa = PBXBuildFile; fileRef = F0704D5E2BD7B7690069F3CA /* FirebaseMessagingServiceProtocol.swift */; };
		F0704D612BD7B78C0069F3CA /* FirebaseMessagingService.swift in Sources */ = {isa = PBXBuildFile; fileRef = F0704D602BD7B78C0069F3CA /* FirebaseMessagingService.swift */; };
		F0704D632BD7BA3E0069F3CA /* FirebaseMessaging.xcframework in Frameworks */ = {isa = PBXBuildFile; fileRef = F0704D622BD7BA3E0069F3CA /* FirebaseMessaging.xcframework */; };
		F08BCE102BD011040067DFC5 /* FirebaseCoreServiceProtocol.swift in Sources */ = {isa = PBXBuildFile; fileRef = F08BCE0F2BD011040067DFC5 /* FirebaseCoreServiceProtocol.swift */; };
		F08BCE122BD0111E0067DFC5 /* FirebaseCoreService.swift in Sources */ = {isa = PBXBuildFile; fileRef = F08BCE112BD0111E0067DFC5 /* FirebaseCoreService.swift */; };
		F08BCE182BD013110067DFC5 /* FirebaseCore.xcframework in Frameworks */ = {isa = PBXBuildFile; fileRef = F08BCE172BD013110067DFC5 /* FirebaseCore.xcframework */; };
		F08BCE1C2BD015160067DFC5 /* GoogleUtilities.xcframework in Frameworks */ = {isa = PBXBuildFile; fileRef = F08BCE1B2BD015160067DFC5 /* GoogleUtilities.xcframework */; };
		F08BCE202BD016B90067DFC5 /* FirebaseCoreInternal.xcframework in Frameworks */ = {isa = PBXBuildFile; fileRef = F08BCE1F2BD016B90067DFC5 /* FirebaseCoreInternal.xcframework */; };
		F08BCE2A2BD021170067DFC5 /* FirebaseAnalytics.xcframework in Frameworks */ = {isa = PBXBuildFile; fileRef = F08BCE292BD021170067DFC5 /* FirebaseAnalytics.xcframework */; };
		F08BCE2F2BD024C70067DFC5 /* FirebaseCrashlytics.xcframework in Frameworks */ = {isa = PBXBuildFile; fileRef = F08BCE2E2BD024C70067DFC5 /* FirebaseCrashlytics.xcframework */; };
		F08BCE342BD0250A0067DFC5 /* FirebaseRemoteConfigInterop.xcframework in Frameworks */ = {isa = PBXBuildFile; fileRef = F08BCE322BD0250A0067DFC5 /* FirebaseRemoteConfigInterop.xcframework */; };
		F08BCE362BD0250A0067DFC5 /* FirebaseRemoteConfig.xcframework in Frameworks */ = {isa = PBXBuildFile; fileRef = F08BCE332BD0250A0067DFC5 /* FirebaseRemoteConfig.xcframework */; };
		F08BCE3A2BD025310067DFC5 /* FirebaseSharedSwift.xcframework in Frameworks */ = {isa = PBXBuildFile; fileRef = F08BCE392BD025310067DFC5 /* FirebaseSharedSwift.xcframework */; };
		F08BCE3F2BD025E60067DFC5 /* GoogleAppMeasurementIdentitySupport.xcframework in Frameworks */ = {isa = PBXBuildFile; fileRef = F08BCE3D2BD025E60067DFC5 /* GoogleAppMeasurementIdentitySupport.xcframework */; };
		F08BCE412BD025E60067DFC5 /* GoogleAppMeasurement.xcframework in Frameworks */ = {isa = PBXBuildFile; fileRef = F08BCE3E2BD025E60067DFC5 /* GoogleAppMeasurement.xcframework */; };
		F08BCE452BD0260F0067DFC5 /* FBLPromises.xcframework in Frameworks */ = {isa = PBXBuildFile; fileRef = F08BCE442BD0260F0067DFC5 /* FBLPromises.xcframework */; };
		F08BCE492BD0263B0067DFC5 /* FirebaseInstallations.xcframework in Frameworks */ = {isa = PBXBuildFile; fileRef = F08BCE482BD0263B0067DFC5 /* FirebaseInstallations.xcframework */; };
		F08BCE4D2BD026770067DFC5 /* FirebaseABTesting.xcframework in Frameworks */ = {isa = PBXBuildFile; fileRef = F08BCE4C2BD026770067DFC5 /* FirebaseABTesting.xcframework */; };
		F08BCE512BD027060067DFC5 /* FirebaseSessions.xcframework in Frameworks */ = {isa = PBXBuildFile; fileRef = F08BCE502BD027050067DFC5 /* FirebaseSessions.xcframework */; };
		F08BCE552BD027260067DFC5 /* Promises.xcframework in Frameworks */ = {isa = PBXBuildFile; fileRef = F08BCE542BD027260067DFC5 /* Promises.xcframework */; };
		F08BCE592BD0274D0067DFC5 /* GoogleDataTransport.xcframework in Frameworks */ = {isa = PBXBuildFile; fileRef = F08BCE582BD0274D0067DFC5 /* GoogleDataTransport.xcframework */; };
		F08BCE5D2BD0276F0067DFC5 /* nanopb.xcframework in Frameworks */ = {isa = PBXBuildFile; fileRef = F08BCE5C2BD0276F0067DFC5 /* nanopb.xcframework */; };
		F08BCE6E2BD21D970067DFC5 /* FirebaseAnalyticsServiceProtocol.swift in Sources */ = {isa = PBXBuildFile; fileRef = F08BCE6D2BD21D970067DFC5 /* FirebaseAnalyticsServiceProtocol.swift */; };
		F08BCE702BD21DA30067DFC5 /* FirebaseAnalyticsService.swift in Sources */ = {isa = PBXBuildFile; fileRef = F08BCE6F2BD21DA30067DFC5 /* FirebaseAnalyticsService.swift */; };
		F08BCE742BD2408C0067DFC5 /* ConfigCenterProtocol.swift in Sources */ = {isa = PBXBuildFile; fileRef = F08BCE732BD2408C0067DFC5 /* ConfigCenterProtocol.swift */; };
		F08BCE782BD241090067DFC5 /* ConfigurableProtocol.swift in Sources */ = {isa = PBXBuildFile; fileRef = F08BCE772BD241090067DFC5 /* ConfigurableProtocol.swift */; };
		F08BCE7B2BD2682C0067DFC5 /* FirebaseRemoteConfigServiceProtocol.swift in Sources */ = {isa = PBXBuildFile; fileRef = F08BCE7A2BD2682C0067DFC5 /* FirebaseRemoteConfigServiceProtocol.swift */; };
		F08BCE7D2BD2683A0067DFC5 /* FirebaseRemoteConfigService.swift in Sources */ = {isa = PBXBuildFile; fileRef = F08BCE7C2BD2683A0067DFC5 /* FirebaseRemoteConfigService.swift */; };
		F0FB21112BA9689700ECEB56 /* ACCCore.h in Headers */ = {isa = PBXBuildFile; fileRef = F0FB21102BA9689700ECEB56 /* ACCCore.h */; settings = {ATTRIBUTES = (Public, ); }; };
		F0FB21662BA9853300ECEB56 /* ServiceProviderProtocol.swift in Sources */ = {isa = PBXBuildFile; fileRef = F0FB21652BA9853300ECEB56 /* ServiceProviderProtocol.swift */; };
		F0FB21682BA986BF00ECEB56 /* ServiceProtocol.swift in Sources */ = {isa = PBXBuildFile; fileRef = F0FB21672BA986BF00ECEB56 /* ServiceProtocol.swift */; };
		F0FB21782BA9887000ECEB56 /* ServiceProviderAppDelegate+HandlingActions.swift in Sources */ = {isa = PBXBuildFile; fileRef = F0FB216A2BA9887000ECEB56 /* ServiceProviderAppDelegate+HandlingActions.swift */; };
		F0FB21792BA9887000ECEB56 /* ServiceProviderAppDelegate+SceneStateHandling.swift in Sources */ = {isa = PBXBuildFile; fileRef = F0FB216B2BA9887000ECEB56 /* ServiceProviderAppDelegate+SceneStateHandling.swift */; };
		F0FB217A2BA9887000ECEB56 /* ServiceProviderAppDelegate+RemoteNotification.swift in Sources */ = {isa = PBXBuildFile; fileRef = F0FB216C2BA9887000ECEB56 /* ServiceProviderAppDelegate+RemoteNotification.swift */; };
		F0FB217B2BA9887000ECEB56 /* ServiceProviderAppDelegate+HealthKitInteracting.swift in Sources */ = {isa = PBXBuildFile; fileRef = F0FB216D2BA9887000ECEB56 /* ServiceProviderAppDelegate+HealthKitInteracting.swift */; };
		F0FB217C2BA9887000ECEB56 /* ServiceProviderAppDelegate+AppStateRestoration.swift in Sources */ = {isa = PBXBuildFile; fileRef = F0FB216E2BA9887000ECEB56 /* ServiceProviderAppDelegate+AppStateRestoration.swift */; };
		F0FB217D2BA9887000ECEB56 /* ServiceProviderAppDelegate+AppStateAndSystemEvents.swift in Sources */ = {isa = PBXBuildFile; fileRef = F0FB216F2BA9887000ECEB56 /* ServiceProviderAppDelegate+AppStateAndSystemEvents.swift */; };
		F0FB217E2BA9887000ECEB56 /* ServiceProviderAppDelegate+Continuing.swift in Sources */ = {isa = PBXBuildFile; fileRef = F0FB21702BA9887000ECEB56 /* ServiceProviderAppDelegate+Continuing.swift */; };
		F0FB217F2BA9887000ECEB56 /* ServiceProviderAppDelegate+ExtensionTypes.swift in Sources */ = {isa = PBXBuildFile; fileRef = F0FB21712BA9887000ECEB56 /* ServiceProviderAppDelegate+ExtensionTypes.swift */; };
		F0FB21802BA9887000ECEB56 /* ServiceProviderAppDelegate+URLOpening.swift in Sources */ = {isa = PBXBuildFile; fileRef = F0FB21722BA9887000ECEB56 /* ServiceProviderAppDelegate+URLOpening.swift */; };
		F0FB21812BA9887000ECEB56 /* ServiceProviderAppDelegate+AppInitializing.swift in Sources */ = {isa = PBXBuildFile; fileRef = F0FB21732BA9887000ECEB56 /* ServiceProviderAppDelegate+AppInitializing.swift */; };
		F0FB21822BA9887000ECEB56 /* ServiceProviderAppDelegate+CloudKitHandling.swift in Sources */ = {isa = PBXBuildFile; fileRef = F0FB21742BA9887000ECEB56 /* ServiceProviderAppDelegate+CloudKitHandling.swift */; };
		F0FB21832BA9887000ECEB56 /* ServiceProviderAppDelegate+SiriKitHandling.swift in Sources */ = {isa = PBXBuildFile; fileRef = F0FB21752BA9887000ECEB56 /* ServiceProviderAppDelegate+SiriKitHandling.swift */; };
		F0FB21842BA9887000ECEB56 /* ServiceProviderAppDelegate+WatchKitInteracting.swift in Sources */ = {isa = PBXBuildFile; fileRef = F0FB21762BA9887000ECEB56 /* ServiceProviderAppDelegate+WatchKitInteracting.swift */; };
		F0FB21852BA9887000ECEB56 /* ServiceProviderAppDelegate+DownloadingData.swift in Sources */ = {isa = PBXBuildFile; fileRef = F0FB21772BA9887000ECEB56 /* ServiceProviderAppDelegate+DownloadingData.swift */; };
		F0FB21872BA988A100ECEB56 /* ServiceProviderAppDelegate.swift in Sources */ = {isa = PBXBuildFile; fileRef = F0FB21862BA988A100ECEB56 /* ServiceProviderAppDelegate.swift */; };
/* End PBXBuildFile section */

/* Begin PBXContainerItemProxy section */
		F02C32A82BE68A93006F5F75 /* PBXContainerItemProxy */ = {
			isa = PBXContainerItemProxy;
			containerPortal = F0FB21042BA9689700ECEB56 /* Project object */;
			proxyType = 1;
			remoteGlobalIDString = F0FB210C2BA9689700ECEB56;
			remoteInfo = ACCCore;
		};
		F05C23252BE20AE7003DEC6D /* PBXContainerItemProxy */ = {
			isa = PBXContainerItemProxy;
			containerPortal = F0FB21042BA9689700ECEB56 /* Project object */;
			proxyType = 1;
			remoteGlobalIDString = F05C230C2BE20257003DEC6D;
			remoteInfo = ACCCoreUtilities;
		};
		F066D9472BCFE260003F5690 /* PBXContainerItemProxy */ = {
			isa = PBXContainerItemProxy;
			containerPortal = F0FB21042BA9689700ECEB56 /* Project object */;
			proxyType = 1;
			remoteGlobalIDString = F0FB210C2BA9689700ECEB56;
			remoteInfo = ACCCore;
		};
/* End PBXContainerItemProxy section */

/* Begin PBXFileReference section */
		F01573842BE3AE7400FDA7D0 /* ATTServiceProtocol.swift */ = {isa = PBXFileReference; lastKnownFileType = sourcecode.swift; path = ATTServiceProtocol.swift; sourceTree = "<group>"; };
		F01573862BE3AE7E00FDA7D0 /* ATTService.swift */ = {isa = PBXFileReference; lastKnownFileType = sourcecode.swift; path = ATTService.swift; sourceTree = "<group>"; };
		F015739A2BEA10CD00FDA7D0 /* AdServiceProtocol.swift */ = {isa = PBXFileReference; lastKnownFileType = sourcecode.swift; path = AdServiceProtocol.swift; sourceTree = "<group>"; };
		F015739C2BEA10DA00FDA7D0 /* AdmobService.swift */ = {isa = PBXFileReference; lastKnownFileType = sourcecode.swift; path = AdmobService.swift; sourceTree = "<group>"; };
		F015739E2BEA147300FDA7D0 /* AdLoaderProtocol.swift */ = {isa = PBXFileReference; lastKnownFileType = sourcecode.swift; path = AdLoaderProtocol.swift; sourceTree = "<group>"; };
		F01573A02BEA2D8000FDA7D0 /* TrackableServiceProtocol.swift */ = {isa = PBXFileReference; lastKnownFileType = sourcecode.swift; path = TrackableServiceProtocol.swift; sourceTree = "<group>"; };
		F01573A32BF3238400FDA7D0 /* AdmobAppOpenAdLoader.swift */ = {isa = PBXFileReference; lastKnownFileType = sourcecode.swift; path = AdmobAppOpenAdLoader.swift; sourceTree = "<group>"; };
		F015740E2BFC53AF00FDA7D0 /* AdmobInterstitialAdLoader.swift */ = {isa = PBXFileReference; lastKnownFileType = sourcecode.swift; path = AdmobInterstitialAdLoader.swift; sourceTree = "<group>"; };
		F02C329F2BE68A3B006F5F75 /* ACCCoreAdMob.framework */ = {isa = PBXFileReference; explicitFileType = wrapper.framework; includeInIndex = 0; path = ACCCoreAdMob.framework; sourceTree = BUILT_PRODUCTS_DIR; };
		F02C32A12BE68A3B006F5F75 /* ACCCoreAdMob.h */ = {isa = PBXFileReference; lastKnownFileType = sourcecode.c.h; path = ACCCoreAdMob.h; sourceTree = "<group>"; };
		F02C32AC2BE696BC006F5F75 /* GoogleUMPService.swift */ = {isa = PBXFileReference; lastKnownFileType = sourcecode.swift; path = GoogleUMPService.swift; sourceTree = "<group>"; };
		F02C32AE2BE69704006F5F75 /* GoogleUMPServiceProtocol.swift */ = {isa = PBXFileReference; lastKnownFileType = sourcecode.swift; path = GoogleUMPServiceProtocol.swift; sourceTree = "<group>"; };
		F02C32B02BE6977E006F5F75 /* GoogleMobileAds.xcframework */ = {isa = PBXFileReference; expectedSignature = "AppleDeveloperProgram:EQHXZ8M8AV:Google LLC"; lastKnownFileType = wrapper.xcframework; name = GoogleMobileAds.xcframework; path = Carthage/Build/GoogleMobileAds.xcframework; sourceTree = "<group>"; };
		F02C32B12BE6977F006F5F75 /* UserMessagingPlatform.xcframework */ = {isa = PBXFileReference; expectedSignature = "AppleDeveloperProgram:EQHXZ8M8AV:Google LLC"; lastKnownFileType = wrapper.xcframework; name = UserMessagingPlatform.xcframework; path = Carthage/Build/UserMessagingPlatform.xcframework; sourceTree = "<group>"; };
		F02C32B92BE79B2F006F5F75 /* JavaScriptCore.framework */ = {isa = PBXFileReference; lastKnownFileType = wrapper.framework; name = JavaScriptCore.framework; path = Platforms/MacOSX.platform/Developer/SDKs/MacOSX14.2.sdk/System/iOSSupport/System/Library/Frameworks/JavaScriptCore.framework; sourceTree = DEVELOPER_DIR; };
		F02C32BE2BEA6A92006F5F75 /* ACCApp.swift */ = {isa = PBXFileReference; lastKnownFileType = sourcecode.swift; path = ACCApp.swift; sourceTree = "<group>"; };
		F02C32C12BEB3794006F5F75 /* AdMobBannerAdLoader.swift */ = {isa = PBXFileReference; lastKnownFileType = sourcecode.swift; path = AdMobBannerAdLoader.swift; sourceTree = "<group>"; };
		F02C32C32BEB4A29006F5F75 /* ACCAdSize.swift */ = {isa = PBXFileReference; lastKnownFileType = sourcecode.swift; path = ACCAdSize.swift; sourceTree = "<group>"; };
		F02C32C52BEB5026006F5F75 /* GADAdSize+ACCAdSize.swift */ = {isa = PBXFileReference; lastKnownFileType = sourcecode.swift; path = "GADAdSize+ACCAdSize.swift"; sourceTree = "<group>"; };
		F05C230D2BE20257003DEC6D /* ACCCoreUtilities.framework */ = {isa = PBXFileReference; explicitFileType = wrapper.framework; includeInIndex = 0; path = ACCCoreUtilities.framework; sourceTree = BUILT_PRODUCTS_DIR; };
		F05C230F2BE20257003DEC6D /* ACCCoreUtilities.h */ = {isa = PBXFileReference; lastKnownFileType = sourcecode.c.h; path = ACCCoreUtilities.h; sourceTree = "<group>"; };
		F05C23212BE20660003DEC6D /* UserDefaults+DefaultValue.swift */ = {isa = PBXFileReference; lastKnownFileType = sourcecode.swift; path = "UserDefaults+DefaultValue.swift"; sourceTree = "<group>"; };
		F05C23292BE4E158003DEC6D /* AppEnvironment.swift */ = {isa = PBXFileReference; lastKnownFileType = sourcecode.swift; path = AppEnvironment.swift; sourceTree = "<group>"; };
		F066D91C2BCFA5E1003F5690 /* ServiceState.swift */ = {isa = PBXFileReference; lastKnownFileType = sourcecode.swift; path = ServiceState.swift; sourceTree = "<group>"; };
		F066D9202BCFAE8B003F5690 /* URLSession+nonisolated.swift */ = {isa = PBXFileReference; fileEncoding = 4; lastKnownFileType = sourcecode.swift; path = "URLSession+nonisolated.swift"; sourceTree = "<group>"; };
		F066D9212BCFAE8B003F5690 /* AnyPublisher+Sendable.swift */ = {isa = PBXFileReference; fileEncoding = 4; lastKnownFileType = sourcecode.swift; path = "AnyPublisher+Sendable.swift"; sourceTree = "<group>"; };
		F066D9242BCFAEC6003F5690 /* ACCLogger.swift */ = {isa = PBXFileReference; lastKnownFileType = sourcecode.swift; path = ACCLogger.swift; sourceTree = "<group>"; };
		F066D9272BCFBB85003F5690 /* AnalyticsEvent.swift */ = {isa = PBXFileReference; lastKnownFileType = sourcecode.swift; path = AnalyticsEvent.swift; sourceTree = "<group>"; };
		F066D9292BCFBBE6003F5690 /* AnalyticsPlatformProtocol.swift */ = {isa = PBXFileReference; lastKnownFileType = sourcecode.swift; path = AnalyticsPlatformProtocol.swift; sourceTree = "<group>"; };
		F066D92B2BCFBC4E003F5690 /* AnalyticsEventTrackerProtocol.swift */ = {isa = PBXFileReference; lastKnownFileType = sourcecode.swift; path = AnalyticsEventTrackerProtocol.swift; sourceTree = "<group>"; };
		F066D93D2BCFE253003F5690 /* ACCCoreFirebase.framework */ = {isa = PBXFileReference; explicitFileType = wrapper.framework; includeInIndex = 0; path = ACCCoreFirebase.framework; sourceTree = BUILT_PRODUCTS_DIR; };
		F066D93F2BCFE253003F5690 /* ACCCoreFirebase.h */ = {isa = PBXFileReference; lastKnownFileType = sourcecode.c.h; path = ACCCoreFirebase.h; sourceTree = "<group>"; };
		F066D94B2BCFE3CF003F5690 /* Cartfile */ = {isa = PBXFileReference; lastKnownFileType = text; path = Cartfile; sourceTree = SOURCE_ROOT; };
		F0704D5E2BD7B7690069F3CA /* FirebaseMessagingServiceProtocol.swift */ = {isa = PBXFileReference; lastKnownFileType = sourcecode.swift; path = FirebaseMessagingServiceProtocol.swift; sourceTree = "<group>"; };
		F0704D602BD7B78C0069F3CA /* FirebaseMessagingService.swift */ = {isa = PBXFileReference; lastKnownFileType = sourcecode.swift; path = FirebaseMessagingService.swift; sourceTree = "<group>"; };
		F0704D622BD7BA3E0069F3CA /* FirebaseMessaging.xcframework */ = {isa = PBXFileReference; expectedSignature = "AppleDeveloperProgram:EQHXZ8M8AV:Google LLC"; lastKnownFileType = wrapper.xcframework; name = FirebaseMessaging.xcframework; path = Carthage/Build/FirebaseMessaging.xcframework; sourceTree = "<group>"; };
		F08BCE0F2BD011040067DFC5 /* FirebaseCoreServiceProtocol.swift */ = {isa = PBXFileReference; lastKnownFileType = sourcecode.swift; path = FirebaseCoreServiceProtocol.swift; sourceTree = "<group>"; };
		F08BCE112BD0111E0067DFC5 /* FirebaseCoreService.swift */ = {isa = PBXFileReference; lastKnownFileType = sourcecode.swift; path = FirebaseCoreService.swift; sourceTree = "<group>"; };
		F08BCE172BD013110067DFC5 /* FirebaseCore.xcframework */ = {isa = PBXFileReference; expectedSignature = "AppleDeveloperProgram:EQHXZ8M8AV:Google LLC"; lastKnownFileType = wrapper.xcframework; name = FirebaseCore.xcframework; path = Carthage/Build/FirebaseCore.xcframework; sourceTree = "<group>"; };
		F08BCE1B2BD015160067DFC5 /* GoogleUtilities.xcframework */ = {isa = PBXFileReference; expectedSignature = "AppleDeveloperProgram:EQHXZ8M8AV:Google LLC"; lastKnownFileType = wrapper.xcframework; name = GoogleUtilities.xcframework; path = Carthage/Build/GoogleUtilities.xcframework; sourceTree = "<group>"; };
		F08BCE1F2BD016B90067DFC5 /* FirebaseCoreInternal.xcframework */ = {isa = PBXFileReference; expectedSignature = "AppleDeveloperProgram:EQHXZ8M8AV:Google LLC"; lastKnownFileType = wrapper.xcframework; name = FirebaseCoreInternal.xcframework; path = Carthage/Build/FirebaseCoreInternal.xcframework; sourceTree = "<group>"; };
		F08BCE292BD021170067DFC5 /* FirebaseAnalytics.xcframework */ = {isa = PBXFileReference; expectedSignature = "AppleDeveloperProgram:EQHXZ8M8AV:Google LLC"; lastKnownFileType = wrapper.xcframework; name = FirebaseAnalytics.xcframework; path = Carthage/Build/FirebaseAnalytics.xcframework; sourceTree = "<group>"; };
		F08BCE2E2BD024C70067DFC5 /* FirebaseCrashlytics.xcframework */ = {isa = PBXFileReference; expectedSignature = "AppleDeveloperProgram:EQHXZ8M8AV:Google LLC"; lastKnownFileType = wrapper.xcframework; name = FirebaseCrashlytics.xcframework; path = Carthage/Build/FirebaseCrashlytics.xcframework; sourceTree = "<group>"; };
		F08BCE322BD0250A0067DFC5 /* FirebaseRemoteConfigInterop.xcframework */ = {isa = PBXFileReference; expectedSignature = "AppleDeveloperProgram:EQHXZ8M8AV:Google LLC"; lastKnownFileType = wrapper.xcframework; name = FirebaseRemoteConfigInterop.xcframework; path = Carthage/Build/FirebaseRemoteConfigInterop.xcframework; sourceTree = "<group>"; };
		F08BCE332BD0250A0067DFC5 /* FirebaseRemoteConfig.xcframework */ = {isa = PBXFileReference; expectedSignature = "AppleDeveloperProgram:EQHXZ8M8AV:Google LLC"; lastKnownFileType = wrapper.xcframework; name = FirebaseRemoteConfig.xcframework; path = Carthage/Build/FirebaseRemoteConfig.xcframework; sourceTree = "<group>"; };
		F08BCE392BD025310067DFC5 /* FirebaseSharedSwift.xcframework */ = {isa = PBXFileReference; expectedSignature = "AppleDeveloperProgram:EQHXZ8M8AV:Google LLC"; lastKnownFileType = wrapper.xcframework; name = FirebaseSharedSwift.xcframework; path = Carthage/Build/FirebaseSharedSwift.xcframework; sourceTree = "<group>"; };
		F08BCE3D2BD025E60067DFC5 /* GoogleAppMeasurementIdentitySupport.xcframework */ = {isa = PBXFileReference; expectedSignature = "AppleDeveloperProgram:EQHXZ8M8AV:Google LLC"; lastKnownFileType = wrapper.xcframework; name = GoogleAppMeasurementIdentitySupport.xcframework; path = Carthage/Build/GoogleAppMeasurementIdentitySupport.xcframework; sourceTree = "<group>"; };
		F08BCE3E2BD025E60067DFC5 /* GoogleAppMeasurement.xcframework */ = {isa = PBXFileReference; expectedSignature = "AppleDeveloperProgram:EQHXZ8M8AV:Google LLC"; lastKnownFileType = wrapper.xcframework; name = GoogleAppMeasurement.xcframework; path = Carthage/Build/GoogleAppMeasurement.xcframework; sourceTree = "<group>"; };
		F08BCE442BD0260F0067DFC5 /* FBLPromises.xcframework */ = {isa = PBXFileReference; expectedSignature = "AppleDeveloperProgram:EQHXZ8M8AV:Google LLC"; lastKnownFileType = wrapper.xcframework; name = FBLPromises.xcframework; path = Carthage/Build/FBLPromises.xcframework; sourceTree = "<group>"; };
		F08BCE482BD0263B0067DFC5 /* FirebaseInstallations.xcframework */ = {isa = PBXFileReference; expectedSignature = "AppleDeveloperProgram:EQHXZ8M8AV:Google LLC"; lastKnownFileType = wrapper.xcframework; name = FirebaseInstallations.xcframework; path = Carthage/Build/FirebaseInstallations.xcframework; sourceTree = "<group>"; };
		F08BCE4C2BD026770067DFC5 /* FirebaseABTesting.xcframework */ = {isa = PBXFileReference; expectedSignature = "AppleDeveloperProgram:EQHXZ8M8AV:Google LLC"; lastKnownFileType = wrapper.xcframework; name = FirebaseABTesting.xcframework; path = Carthage/Build/FirebaseABTesting.xcframework; sourceTree = "<group>"; };
		F08BCE502BD027050067DFC5 /* FirebaseSessions.xcframework */ = {isa = PBXFileReference; expectedSignature = "AppleDeveloperProgram:EQHXZ8M8AV:Google LLC"; lastKnownFileType = wrapper.xcframework; name = FirebaseSessions.xcframework; path = Carthage/Build/FirebaseSessions.xcframework; sourceTree = "<group>"; };
		F08BCE542BD027260067DFC5 /* Promises.xcframework */ = {isa = PBXFileReference; expectedSignature = "AppleDeveloperProgram:EQHXZ8M8AV:Google LLC"; lastKnownFileType = wrapper.xcframework; name = Promises.xcframework; path = Carthage/Build/Promises.xcframework; sourceTree = "<group>"; };
		F08BCE582BD0274D0067DFC5 /* GoogleDataTransport.xcframework */ = {isa = PBXFileReference; expectedSignature = "AppleDeveloperProgram:EQHXZ8M8AV:Google LLC"; lastKnownFileType = wrapper.xcframework; name = GoogleDataTransport.xcframework; path = Carthage/Build/GoogleDataTransport.xcframework; sourceTree = "<group>"; };
		F08BCE5C2BD0276F0067DFC5 /* nanopb.xcframework */ = {isa = PBXFileReference; expectedSignature = "AppleDeveloperProgram:EQHXZ8M8AV:Google LLC"; lastKnownFileType = wrapper.xcframework; name = nanopb.xcframework; path = Carthage/Build/nanopb.xcframework; sourceTree = "<group>"; };
		F08BCE6A2BD2197C0067DFC5 /* AdSupport.framework */ = {isa = PBXFileReference; lastKnownFileType = wrapper.framework; name = AdSupport.framework; path = Platforms/MacOSX.platform/Developer/SDKs/MacOSX14.2.sdk/System/Library/Frameworks/AdSupport.framework; sourceTree = DEVELOPER_DIR; };
		F08BCE6D2BD21D970067DFC5 /* FirebaseAnalyticsServiceProtocol.swift */ = {isa = PBXFileReference; lastKnownFileType = sourcecode.swift; path = FirebaseAnalyticsServiceProtocol.swift; sourceTree = "<group>"; };
		F08BCE6F2BD21DA30067DFC5 /* FirebaseAnalyticsService.swift */ = {isa = PBXFileReference; lastKnownFileType = sourcecode.swift; path = FirebaseAnalyticsService.swift; sourceTree = "<group>"; };
		F08BCE732BD2408C0067DFC5 /* ConfigCenterProtocol.swift */ = {isa = PBXFileReference; lastKnownFileType = sourcecode.swift; path = ConfigCenterProtocol.swift; sourceTree = "<group>"; };
		F08BCE772BD241090067DFC5 /* ConfigurableProtocol.swift */ = {isa = PBXFileReference; lastKnownFileType = sourcecode.swift; path = ConfigurableProtocol.swift; sourceTree = "<group>"; };
		F08BCE7A2BD2682C0067DFC5 /* FirebaseRemoteConfigServiceProtocol.swift */ = {isa = PBXFileReference; lastKnownFileType = sourcecode.swift; path = FirebaseRemoteConfigServiceProtocol.swift; sourceTree = "<group>"; };
		F08BCE7C2BD2683A0067DFC5 /* FirebaseRemoteConfigService.swift */ = {isa = PBXFileReference; lastKnownFileType = sourcecode.swift; path = FirebaseRemoteConfigService.swift; sourceTree = "<group>"; };
		F0FB210D2BA9689700ECEB56 /* ACCCore.framework */ = {isa = PBXFileReference; explicitFileType = wrapper.framework; includeInIndex = 0; path = ACCCore.framework; sourceTree = BUILT_PRODUCTS_DIR; };
		F0FB21102BA9689700ECEB56 /* ACCCore.h */ = {isa = PBXFileReference; lastKnownFileType = sourcecode.c.h; path = ACCCore.h; sourceTree = "<group>"; };
		F0FB21652BA9853300ECEB56 /* ServiceProviderProtocol.swift */ = {isa = PBXFileReference; lastKnownFileType = sourcecode.swift; path = ServiceProviderProtocol.swift; sourceTree = "<group>"; };
		F0FB21672BA986BF00ECEB56 /* ServiceProtocol.swift */ = {isa = PBXFileReference; lastKnownFileType = sourcecode.swift; path = ServiceProtocol.swift; sourceTree = "<group>"; };
		F0FB216A2BA9887000ECEB56 /* ServiceProviderAppDelegate+HandlingActions.swift */ = {isa = PBXFileReference; fileEncoding = 4; lastKnownFileType = sourcecode.swift; path = "ServiceProviderAppDelegate+HandlingActions.swift"; sourceTree = "<group>"; };
		F0FB216B2BA9887000ECEB56 /* ServiceProviderAppDelegate+SceneStateHandling.swift */ = {isa = PBXFileReference; fileEncoding = 4; lastKnownFileType = sourcecode.swift; path = "ServiceProviderAppDelegate+SceneStateHandling.swift"; sourceTree = "<group>"; };
		F0FB216C2BA9887000ECEB56 /* ServiceProviderAppDelegate+RemoteNotification.swift */ = {isa = PBXFileReference; fileEncoding = 4; lastKnownFileType = sourcecode.swift; path = "ServiceProviderAppDelegate+RemoteNotification.swift"; sourceTree = "<group>"; };
		F0FB216D2BA9887000ECEB56 /* ServiceProviderAppDelegate+HealthKitInteracting.swift */ = {isa = PBXFileReference; fileEncoding = 4; lastKnownFileType = sourcecode.swift; path = "ServiceProviderAppDelegate+HealthKitInteracting.swift"; sourceTree = "<group>"; };
		F0FB216E2BA9887000ECEB56 /* ServiceProviderAppDelegate+AppStateRestoration.swift */ = {isa = PBXFileReference; fileEncoding = 4; lastKnownFileType = sourcecode.swift; path = "ServiceProviderAppDelegate+AppStateRestoration.swift"; sourceTree = "<group>"; };
		F0FB216F2BA9887000ECEB56 /* ServiceProviderAppDelegate+AppStateAndSystemEvents.swift */ = {isa = PBXFileReference; fileEncoding = 4; lastKnownFileType = sourcecode.swift; path = "ServiceProviderAppDelegate+AppStateAndSystemEvents.swift"; sourceTree = "<group>"; };
		F0FB21702BA9887000ECEB56 /* ServiceProviderAppDelegate+Continuing.swift */ = {isa = PBXFileReference; fileEncoding = 4; lastKnownFileType = sourcecode.swift; path = "ServiceProviderAppDelegate+Continuing.swift"; sourceTree = "<group>"; };
		F0FB21712BA9887000ECEB56 /* ServiceProviderAppDelegate+ExtensionTypes.swift */ = {isa = PBXFileReference; fileEncoding = 4; lastKnownFileType = sourcecode.swift; path = "ServiceProviderAppDelegate+ExtensionTypes.swift"; sourceTree = "<group>"; };
		F0FB21722BA9887000ECEB56 /* ServiceProviderAppDelegate+URLOpening.swift */ = {isa = PBXFileReference; fileEncoding = 4; lastKnownFileType = sourcecode.swift; path = "ServiceProviderAppDelegate+URLOpening.swift"; sourceTree = "<group>"; };
		F0FB21732BA9887000ECEB56 /* ServiceProviderAppDelegate+AppInitializing.swift */ = {isa = PBXFileReference; fileEncoding = 4; lastKnownFileType = sourcecode.swift; path = "ServiceProviderAppDelegate+AppInitializing.swift"; sourceTree = "<group>"; };
		F0FB21742BA9887000ECEB56 /* ServiceProviderAppDelegate+CloudKitHandling.swift */ = {isa = PBXFileReference; fileEncoding = 4; lastKnownFileType = sourcecode.swift; path = "ServiceProviderAppDelegate+CloudKitHandling.swift"; sourceTree = "<group>"; };
		F0FB21752BA9887000ECEB56 /* ServiceProviderAppDelegate+SiriKitHandling.swift */ = {isa = PBXFileReference; fileEncoding = 4; lastKnownFileType = sourcecode.swift; path = "ServiceProviderAppDelegate+SiriKitHandling.swift"; sourceTree = "<group>"; };
		F0FB21762BA9887000ECEB56 /* ServiceProviderAppDelegate+WatchKitInteracting.swift */ = {isa = PBXFileReference; fileEncoding = 4; lastKnownFileType = sourcecode.swift; path = "ServiceProviderAppDelegate+WatchKitInteracting.swift"; sourceTree = "<group>"; };
		F0FB21772BA9887000ECEB56 /* ServiceProviderAppDelegate+DownloadingData.swift */ = {isa = PBXFileReference; fileEncoding = 4; lastKnownFileType = sourcecode.swift; path = "ServiceProviderAppDelegate+DownloadingData.swift"; sourceTree = "<group>"; };
		F0FB21862BA988A100ECEB56 /* ServiceProviderAppDelegate.swift */ = {isa = PBXFileReference; lastKnownFileType = sourcecode.swift; path = ServiceProviderAppDelegate.swift; sourceTree = "<group>"; };
/* End PBXFileReference section */

/* Begin PBXFrameworksBuildPhase section */
		F02C329C2BE68A3B006F5F75 /* Frameworks */ = {
			isa = PBXFrameworksBuildPhase;
			buildActionMask = 2147483647;
			files = (
				F02C32BA2BE79B2F006F5F75 /* JavaScriptCore.framework in Frameworks */,
				F02C32BB2BE79B51006F5F75 /* AdSupport.framework in Frameworks */,
				F02C32A62BE68A93006F5F75 /* ACCCore.framework in Frameworks */,
				F02C32B42BE6977F006F5F75 /* UserMessagingPlatform.xcframework in Frameworks */,
				F02C32B22BE6977F006F5F75 /* GoogleMobileAds.xcframework in Frameworks */,
			);
			runOnlyForDeploymentPostprocessing = 0;
		};
		F05C230A2BE20257003DEC6D /* Frameworks */ = {
			isa = PBXFrameworksBuildPhase;
			buildActionMask = 2147483647;
			files = (
			);
			runOnlyForDeploymentPostprocessing = 0;
		};
		F066D93A2BCFE253003F5690 /* Frameworks */ = {
			isa = PBXFrameworksBuildPhase;
			buildActionMask = 2147483647;
			files = (
				F08BCE2A2BD021170067DFC5 /* FirebaseAnalytics.xcframework in Frameworks */,
				F05C23232BE20AE7003DEC6D /* ACCCoreUtilities.framework in Frameworks */,
				F08BCE3F2BD025E60067DFC5 /* GoogleAppMeasurementIdentitySupport.xcframework in Frameworks */,
				F08BCE202BD016B90067DFC5 /* FirebaseCoreInternal.xcframework in Frameworks */,
				F08BCE342BD0250A0067DFC5 /* FirebaseRemoteConfigInterop.xcframework in Frameworks */,
				F08BCE492BD0263B0067DFC5 /* FirebaseInstallations.xcframework in Frameworks */,
				F08BCE592BD0274D0067DFC5 /* GoogleDataTransport.xcframework in Frameworks */,
				F08BCE512BD027060067DFC5 /* FirebaseSessions.xcframework in Frameworks */,
				F08BCE3A2BD025310067DFC5 /* FirebaseSharedSwift.xcframework in Frameworks */,
				F08BCE2F2BD024C70067DFC5 /* FirebaseCrashlytics.xcframework in Frameworks */,
				F08BCE362BD0250A0067DFC5 /* FirebaseRemoteConfig.xcframework in Frameworks */,
				F08BCE4D2BD026770067DFC5 /* FirebaseABTesting.xcframework in Frameworks */,
				F066D9452BCFE260003F5690 /* ACCCore.framework in Frameworks */,
				F08BCE452BD0260F0067DFC5 /* FBLPromises.xcframework in Frameworks */,
				F08BCE412BD025E60067DFC5 /* GoogleAppMeasurement.xcframework in Frameworks */,
				F08BCE552BD027260067DFC5 /* Promises.xcframework in Frameworks */,
				F08BCE5D2BD0276F0067DFC5 /* nanopb.xcframework in Frameworks */,
				F08BCE182BD013110067DFC5 /* FirebaseCore.xcframework in Frameworks */,
				F08BCE1C2BD015160067DFC5 /* GoogleUtilities.xcframework in Frameworks */,
				F0704D632BD7BA3E0069F3CA /* FirebaseMessaging.xcframework in Frameworks */,
				F02C32B82BE7989A006F5F75 /* AdSupport.framework in Frameworks */,
			);
			runOnlyForDeploymentPostprocessing = 0;
		};
		F0FB210A2BA9689700ECEB56 /* Frameworks */ = {
			isa = PBXFrameworksBuildPhase;
			buildActionMask = 2147483647;
			files = (
			);
			runOnlyForDeploymentPostprocessing = 0;
		};
/* End PBXFrameworksBuildPhase section */

/* Begin PBXGroup section */
		F01573832BE3AE4300FDA7D0 /* Services */ = {
			isa = PBXGroup;
			children = (
				F05C23282BE48F91003DEC6D /* ATT */,
			);
			path = Services;
			sourceTree = "<group>";
		};
		F01573972BE9E31000FDA7D0 /* AdService */ = {
			isa = PBXGroup;
			children = (
				F015740D2BFC536800FDA7D0 /* Interstitial */,
				F01573A22BF3236400FDA7D0 /* AppOpen */,
				F02C32C02BEB2E6C006F5F75 /* Banner */,
				F015739A2BEA10CD00FDA7D0 /* AdServiceProtocol.swift */,
				F015739E2BEA147300FDA7D0 /* AdLoaderProtocol.swift */,
				F015739C2BEA10DA00FDA7D0 /* AdmobService.swift */,
				F02C32C32BEB4A29006F5F75 /* ACCAdSize.swift */,
			);
			path = AdService;
			sourceTree = "<group>";
		};
		F01573A22BF3236400FDA7D0 /* AppOpen */ = {
			isa = PBXGroup;
			children = (
				F01573A32BF3238400FDA7D0 /* AdmobAppOpenAdLoader.swift */,
			);
			path = AppOpen;
			sourceTree = "<group>";
		};
		F015740D2BFC536800FDA7D0 /* Interstitial */ = {
			isa = PBXGroup;
			children = (
				F015740E2BFC53AF00FDA7D0 /* AdmobInterstitialAdLoader.swift */,
			);
			path = Interstitial;
			sourceTree = "<group>";
		};
		F02C32A02BE68A3B006F5F75 /* ACCCoreAdMob */ = {
			isa = PBXGroup;
			children = (
				F01573972BE9E31000FDA7D0 /* AdService */,
				F02C32AB2BE69682006F5F75 /* UMP */,
				F02C32A12BE68A3B006F5F75 /* ACCCoreAdMob.h */,
			);
			path = ACCCoreAdMob;
			sourceTree = "<group>";
		};
		F02C32AB2BE69682006F5F75 /* UMP */ = {
			isa = PBXGroup;
			children = (
				F02C32AE2BE69704006F5F75 /* GoogleUMPServiceProtocol.swift */,
				F02C32AC2BE696BC006F5F75 /* GoogleUMPService.swift */,
			);
			path = UMP;
			sourceTree = "<group>";
		};
		F02C32C02BEB2E6C006F5F75 /* Banner */ = {
			isa = PBXGroup;
			children = (
				F02C32C12BEB3794006F5F75 /* AdMobBannerAdLoader.swift */,
				F02C32C52BEB5026006F5F75 /* GADAdSize+ACCAdSize.swift */,
			);
			path = Banner;
			sourceTree = "<group>";
		};
		F05C230E2BE20257003DEC6D /* ACCCoreUtilities */ = {
			isa = PBXGroup;
			children = (
				F05C23202BE205FE003DEC6D /* UserDefaults */,
				F066D91F2BCFAE8B003F5690 /* CommonExtensions */,
				F05C230F2BE20257003DEC6D /* ACCCoreUtilities.h */,
			);
			path = ACCCoreUtilities;
			sourceTree = "<group>";
		};
		F05C23202BE205FE003DEC6D /* UserDefaults */ = {
			isa = PBXGroup;
			children = (
				F05C23212BE20660003DEC6D /* UserDefaults+DefaultValue.swift */,
			);
			path = UserDefaults;
			sourceTree = "<group>";
		};
		F05C23282BE48F91003DEC6D /* ATT */ = {
			isa = PBXGroup;
			children = (
				F01573842BE3AE7400FDA7D0 /* ATTServiceProtocol.swift */,
				F01573862BE3AE7E00FDA7D0 /* ATTService.swift */,
			);
			path = ATT;
			sourceTree = "<group>";
		};
		F066D91E2BCFAE5F003F5690 /* Utilities */ = {
			isa = PBXGroup;
			children = (
				F066D9242BCFAEC6003F5690 /* ACCLogger.swift */,
				F05C23292BE4E158003DEC6D /* AppEnvironment.swift */,
			);
			path = Utilities;
			sourceTree = "<group>";
		};
		F066D91F2BCFAE8B003F5690 /* CommonExtensions */ = {
			isa = PBXGroup;
			children = (
				F066D9202BCFAE8B003F5690 /* URLSession+nonisolated.swift */,
				F066D9212BCFAE8B003F5690 /* AnyPublisher+Sendable.swift */,
			);
			path = CommonExtensions;
			sourceTree = "<group>";
		};
		F066D9262BCFBA6D003F5690 /* EventOriented */ = {
			isa = PBXGroup;
			children = (
				F066D9272BCFBB85003F5690 /* AnalyticsEvent.swift */,
				F066D9292BCFBBE6003F5690 /* AnalyticsPlatformProtocol.swift */,
				F066D92B2BCFBC4E003F5690 /* AnalyticsEventTrackerProtocol.swift */,
				F01573A02BEA2D8000FDA7D0 /* TrackableServiceProtocol.swift */,
			);
			path = EventOriented;
			sourceTree = "<group>";
		};
		F066D93E2BCFE253003F5690 /* ACCCoreFirebase */ = {
			isa = PBXGroup;
			children = (
				F0704D5D2BD7B7040069F3CA /* Messaging */,
				F08BCE792BD268070067DFC5 /* RemoteConfig */,
				F08BCE6C2BD21ADE0067DFC5 /* Analytics */,
				F08BCE0E2BD010E60067DFC5 /* Core */,
				F066D93F2BCFE253003F5690 /* ACCCoreFirebase.h */,
			);
			path = ACCCoreFirebase;
			sourceTree = "<group>";
		};
		F066D9442BCFE260003F5690 /* Frameworks */ = {
			isa = PBXGroup;
			children = (
				F02C32B92BE79B2F006F5F75 /* JavaScriptCore.framework */,
				F02C32B02BE6977E006F5F75 /* GoogleMobileAds.xcframework */,
				F02C32B12BE6977F006F5F75 /* UserMessagingPlatform.xcframework */,
				F0704D622BD7BA3E0069F3CA /* FirebaseMessaging.xcframework */,
				F08BCE6A2BD2197C0067DFC5 /* AdSupport.framework */,
				F08BCE5C2BD0276F0067DFC5 /* nanopb.xcframework */,
				F08BCE582BD0274D0067DFC5 /* GoogleDataTransport.xcframework */,
				F08BCE542BD027260067DFC5 /* Promises.xcframework */,
				F08BCE502BD027050067DFC5 /* FirebaseSessions.xcframework */,
				F08BCE4C2BD026770067DFC5 /* FirebaseABTesting.xcframework */,
				F08BCE482BD0263B0067DFC5 /* FirebaseInstallations.xcframework */,
				F08BCE442BD0260F0067DFC5 /* FBLPromises.xcframework */,
				F08BCE3E2BD025E60067DFC5 /* GoogleAppMeasurement.xcframework */,
				F08BCE3D2BD025E60067DFC5 /* GoogleAppMeasurementIdentitySupport.xcframework */,
				F08BCE392BD025310067DFC5 /* FirebaseSharedSwift.xcframework */,
				F08BCE332BD0250A0067DFC5 /* FirebaseRemoteConfig.xcframework */,
				F08BCE322BD0250A0067DFC5 /* FirebaseRemoteConfigInterop.xcframework */,
				F08BCE2E2BD024C70067DFC5 /* FirebaseCrashlytics.xcframework */,
				F08BCE292BD021170067DFC5 /* FirebaseAnalytics.xcframework */,
				F08BCE1F2BD016B90067DFC5 /* FirebaseCoreInternal.xcframework */,
				F08BCE1B2BD015160067DFC5 /* GoogleUtilities.xcframework */,
				F08BCE172BD013110067DFC5 /* FirebaseCore.xcframework */,
			);
			name = Frameworks;
			sourceTree = "<group>";
		};
		F0704D5D2BD7B7040069F3CA /* Messaging */ = {
			isa = PBXGroup;
			children = (
				F0704D5E2BD7B7690069F3CA /* FirebaseMessagingServiceProtocol.swift */,
				F0704D602BD7B78C0069F3CA /* FirebaseMessagingService.swift */,
			);
			path = Messaging;
			sourceTree = "<group>";
		};
		F08BCE0E2BD010E60067DFC5 /* Core */ = {
			isa = PBXGroup;
			children = (
				F08BCE0F2BD011040067DFC5 /* FirebaseCoreServiceProtocol.swift */,
				F08BCE112BD0111E0067DFC5 /* FirebaseCoreService.swift */,
			);
			path = Core;
			sourceTree = "<group>";
		};
		F08BCE6C2BD21ADE0067DFC5 /* Analytics */ = {
			isa = PBXGroup;
			children = (
				F08BCE6D2BD21D970067DFC5 /* FirebaseAnalyticsServiceProtocol.swift */,
				F08BCE6F2BD21DA30067DFC5 /* FirebaseAnalyticsService.swift */,
			);
			path = Analytics;
			sourceTree = "<group>";
		};
		F08BCE722BD23F920067DFC5 /* RemoteConfigurable */ = {
			isa = PBXGroup;
			children = (
				F08BCE732BD2408C0067DFC5 /* ConfigCenterProtocol.swift */,
				F08BCE772BD241090067DFC5 /* ConfigurableProtocol.swift */,
			);
			path = RemoteConfigurable;
			sourceTree = "<group>";
		};
		F08BCE792BD268070067DFC5 /* RemoteConfig */ = {
			isa = PBXGroup;
			children = (
				F08BCE7A2BD2682C0067DFC5 /* FirebaseRemoteConfigServiceProtocol.swift */,
				F08BCE7C2BD2683A0067DFC5 /* FirebaseRemoteConfigService.swift */,
			);
			path = RemoteConfig;
			sourceTree = "<group>";
		};
		F0FB21032BA9689700ECEB56 = {
			isa = PBXGroup;
			children = (
				F0FB210F2BA9689700ECEB56 /* ACCCore */,
				F066D93E2BCFE253003F5690 /* ACCCoreFirebase */,
				F05C230E2BE20257003DEC6D /* ACCCoreUtilities */,
				F02C32A02BE68A3B006F5F75 /* ACCCoreAdMob */,
				F0FB210E2BA9689700ECEB56 /* Products */,
				F066D9442BCFE260003F5690 /* Frameworks */,
			);
			sourceTree = "<group>";
		};
		F0FB210E2BA9689700ECEB56 /* Products */ = {
			isa = PBXGroup;
			children = (
				F0FB210D2BA9689700ECEB56 /* ACCCore.framework */,
				F066D93D2BCFE253003F5690 /* ACCCoreFirebase.framework */,
				F05C230D2BE20257003DEC6D /* ACCCoreUtilities.framework */,
				F02C329F2BE68A3B006F5F75 /* ACCCoreAdMob.framework */,
			);
			name = Products;
			sourceTree = "<group>";
		};
		F0FB210F2BA9689700ECEB56 /* ACCCore */ = {
			isa = PBXGroup;
			children = (
				F066D94B2BCFE3CF003F5690 /* Cartfile */,
				F066D91E2BCFAE5F003F5690 /* Utilities */,
				F0FB21632BA9850500ECEB56 /* Blueprints */,
				F01573832BE3AE4300FDA7D0 /* Services */,
				F0FB21102BA9689700ECEB56 /* ACCCore.h */,
			);
			path = ACCCore;
			sourceTree = "<group>";
		};
		F0FB21632BA9850500ECEB56 /* Blueprints */ = {
			isa = PBXGroup;
			children = (
				F08BCE722BD23F920067DFC5 /* RemoteConfigurable */,
				F066D9262BCFBA6D003F5690 /* EventOriented */,
				F0FB21642BA9851200ECEB56 /* ServiceOriented */,
			);
			path = Blueprints;
			sourceTree = "<group>";
		};
		F0FB21642BA9851200ECEB56 /* ServiceOriented */ = {
			isa = PBXGroup;
			children = (
				F0FB21692BA9887000ECEB56 /* ServiceProviderAppDelegateExtensions */,
				F0FB21652BA9853300ECEB56 /* ServiceProviderProtocol.swift */,
				F0FB21672BA986BF00ECEB56 /* ServiceProtocol.swift */,
				F0FB21862BA988A100ECEB56 /* ServiceProviderAppDelegate.swift */,
				F066D91C2BCFA5E1003F5690 /* ServiceState.swift */,
				F02C32BE2BEA6A92006F5F75 /* ACCApp.swift */,
			);
			path = ServiceOriented;
			sourceTree = "<group>";
		};
		F0FB21692BA9887000ECEB56 /* ServiceProviderAppDelegateExtensions */ = {
			isa = PBXGroup;
			children = (
				F0FB216A2BA9887000ECEB56 /* ServiceProviderAppDelegate+HandlingActions.swift */,
				F0FB216B2BA9887000ECEB56 /* ServiceProviderAppDelegate+SceneStateHandling.swift */,
				F0FB216C2BA9887000ECEB56 /* ServiceProviderAppDelegate+RemoteNotification.swift */,
				F0FB216D2BA9887000ECEB56 /* ServiceProviderAppDelegate+HealthKitInteracting.swift */,
				F0FB216E2BA9887000ECEB56 /* ServiceProviderAppDelegate+AppStateRestoration.swift */,
				F0FB216F2BA9887000ECEB56 /* ServiceProviderAppDelegate+AppStateAndSystemEvents.swift */,
				F0FB21702BA9887000ECEB56 /* ServiceProviderAppDelegate+Continuing.swift */,
				F0FB21712BA9887000ECEB56 /* ServiceProviderAppDelegate+ExtensionTypes.swift */,
				F0FB21722BA9887000ECEB56 /* ServiceProviderAppDelegate+URLOpening.swift */,
				F0FB21732BA9887000ECEB56 /* ServiceProviderAppDelegate+AppInitializing.swift */,
				F0FB21742BA9887000ECEB56 /* ServiceProviderAppDelegate+CloudKitHandling.swift */,
				F0FB21752BA9887000ECEB56 /* ServiceProviderAppDelegate+SiriKitHandling.swift */,
				F0FB21762BA9887000ECEB56 /* ServiceProviderAppDelegate+WatchKitInteracting.swift */,
				F0FB21772BA9887000ECEB56 /* ServiceProviderAppDelegate+DownloadingData.swift */,
			);
			path = ServiceProviderAppDelegateExtensions;
			sourceTree = "<group>";
		};
/* End PBXGroup section */

/* Begin PBXHeadersBuildPhase section */
		F02C329A2BE68A3B006F5F75 /* Headers */ = {
			isa = PBXHeadersBuildPhase;
			buildActionMask = 2147483647;
			files = (
				F02C32A22BE68A3B006F5F75 /* ACCCoreAdMob.h in Headers */,
			);
			runOnlyForDeploymentPostprocessing = 0;
		};
		F05C23082BE20257003DEC6D /* Headers */ = {
			isa = PBXHeadersBuildPhase;
			buildActionMask = 2147483647;
			files = (
				F05C23102BE20257003DEC6D /* ACCCoreUtilities.h in Headers */,
			);
			runOnlyForDeploymentPostprocessing = 0;
		};
		F066D9382BCFE253003F5690 /* Headers */ = {
			isa = PBXHeadersBuildPhase;
			buildActionMask = 2147483647;
			files = (
				F066D9402BCFE253003F5690 /* ACCCoreFirebase.h in Headers */,
			);
			runOnlyForDeploymentPostprocessing = 0;
		};
		F0FB21082BA9689700ECEB56 /* Headers */ = {
			isa = PBXHeadersBuildPhase;
			buildActionMask = 2147483647;
			files = (
				F0FB21112BA9689700ECEB56 /* ACCCore.h in Headers */,
			);
			runOnlyForDeploymentPostprocessing = 0;
		};
/* End PBXHeadersBuildPhase section */

/* Begin PBXNativeTarget section */
		F02C329E2BE68A3B006F5F75 /* ACCCoreAdMob */ = {
			isa = PBXNativeTarget;
			buildConfigurationList = F02C32A32BE68A3B006F5F75 /* Build configuration list for PBXNativeTarget "ACCCoreAdMob" */;
			buildPhases = (
				F02C329A2BE68A3B006F5F75 /* Headers */,
				F02C329B2BE68A3B006F5F75 /* Sources */,
				F02C329C2BE68A3B006F5F75 /* Frameworks */,
				F02C329D2BE68A3B006F5F75 /* Resources */,
			);
			buildRules = (
			);
			dependencies = (
				F02C32A92BE68A93006F5F75 /* PBXTargetDependency */,
			);
			name = ACCCoreAdMob;
			productName = ACCCoreAdMob;
			productReference = F02C329F2BE68A3B006F5F75 /* ACCCoreAdMob.framework */;
			productType = "com.apple.product-type.framework";
		};
		F05C230C2BE20257003DEC6D /* ACCCoreUtilities */ = {
			isa = PBXNativeTarget;
			buildConfigurationList = F05C23112BE20257003DEC6D /* Build configuration list for PBXNativeTarget "ACCCoreUtilities" */;
			buildPhases = (
				F05C23082BE20257003DEC6D /* Headers */,
				F05C23092BE20257003DEC6D /* Sources */,
				F05C230A2BE20257003DEC6D /* Frameworks */,
				F05C230B2BE20257003DEC6D /* Resources */,
			);
			buildRules = (
			);
			dependencies = (
			);
			name = ACCCoreUtilities;
			productName = ACCCoreUtilities;
			productReference = F05C230D2BE20257003DEC6D /* ACCCoreUtilities.framework */;
			productType = "com.apple.product-type.framework";
		};
		F066D93C2BCFE253003F5690 /* ACCCoreFirebase */ = {
			isa = PBXNativeTarget;
			buildConfigurationList = F066D9412BCFE253003F5690 /* Build configuration list for PBXNativeTarget "ACCCoreFirebase" */;
			buildPhases = (
				F066D9382BCFE253003F5690 /* Headers */,
				F066D9392BCFE253003F5690 /* Sources */,
				F066D93A2BCFE253003F5690 /* Frameworks */,
				F066D93B2BCFE253003F5690 /* Resources */,
			);
			buildRules = (
			);
			dependencies = (
				F066D9482BCFE260003F5690 /* PBXTargetDependency */,
				F05C23262BE20AE7003DEC6D /* PBXTargetDependency */,
			);
			name = ACCCoreFirebase;
			productName = ACCCoreFirebase;
			productReference = F066D93D2BCFE253003F5690 /* ACCCoreFirebase.framework */;
			productType = "com.apple.product-type.framework";
		};
		F0FB210C2BA9689700ECEB56 /* ACCCore */ = {
			isa = PBXNativeTarget;
			buildConfigurationList = F0FB21142BA9689700ECEB56 /* Build configuration list for PBXNativeTarget "ACCCore" */;
			buildPhases = (
				F0FB21082BA9689700ECEB56 /* Headers */,
				F0FB21092BA9689700ECEB56 /* Sources */,
				F0FB210A2BA9689700ECEB56 /* Frameworks */,
				F0FB210B2BA9689700ECEB56 /* Resources */,
			);
			buildRules = (
			);
			dependencies = (
			);
			name = ACCCore;
			productName = ACCCore;
			productReference = F0FB210D2BA9689700ECEB56 /* ACCCore.framework */;
			productType = "com.apple.product-type.framework";
		};
/* End PBXNativeTarget section */

/* Begin PBXProject section */
		F0FB21042BA9689700ECEB56 /* Project object */ = {
			isa = PBXProject;
			attributes = {
				BuildIndependentTargetsInParallel = 1;
				LastSwiftUpdateCheck = 1510;
				LastUpgradeCheck = 1520;
				TargetAttributes = {
					F02C329E2BE68A3B006F5F75 = {
						CreatedOnToolsVersion = 15.2;
						LastSwiftMigration = 1520;
					};
					F05C230C2BE20257003DEC6D = {
						CreatedOnToolsVersion = 15.2;
					};
					F066D93C2BCFE253003F5690 = {
						CreatedOnToolsVersion = 15.1;
						LastSwiftMigration = 1520;
					};
					F0FB210C2BA9689700ECEB56 = {
						CreatedOnToolsVersion = 15.1;
						LastSwiftMigration = 1510;
					};
				};
			};
			buildConfigurationList = F0FB21072BA9689700ECEB56 /* Build configuration list for PBXProject "ACCCore" */;
			compatibilityVersion = "Xcode 14.0";
			developmentRegion = en;
			hasScannedForEncodings = 0;
			knownRegions = (
				en,
				Base,
			);
			mainGroup = F0FB21032BA9689700ECEB56;
			productRefGroup = F0FB210E2BA9689700ECEB56 /* Products */;
			projectDirPath = "";
			projectRoot = "";
			targets = (
				F0FB210C2BA9689700ECEB56 /* ACCCore */,
				F066D93C2BCFE253003F5690 /* ACCCoreFirebase */,
				F05C230C2BE20257003DEC6D /* ACCCoreUtilities */,
				F02C329E2BE68A3B006F5F75 /* ACCCoreAdMob */,
			);
		};
/* End PBXProject section */

/* Begin PBXResourcesBuildPhase section */
		F02C329D2BE68A3B006F5F75 /* Resources */ = {
			isa = PBXResourcesBuildPhase;
			buildActionMask = 2147483647;
			files = (
			);
			runOnlyForDeploymentPostprocessing = 0;
		};
		F05C230B2BE20257003DEC6D /* Resources */ = {
			isa = PBXResourcesBuildPhase;
			buildActionMask = 2147483647;
			files = (
			);
			runOnlyForDeploymentPostprocessing = 0;
		};
		F066D93B2BCFE253003F5690 /* Resources */ = {
			isa = PBXResourcesBuildPhase;
			buildActionMask = 2147483647;
			files = (
			);
			runOnlyForDeploymentPostprocessing = 0;
		};
		F0FB210B2BA9689700ECEB56 /* Resources */ = {
			isa = PBXResourcesBuildPhase;
			buildActionMask = 2147483647;
			files = (
			);
			runOnlyForDeploymentPostprocessing = 0;
		};
/* End PBXResourcesBuildPhase section */

/* Begin PBXSourcesBuildPhase section */
		F02C329B2BE68A3B006F5F75 /* Sources */ = {
			isa = PBXSourcesBuildPhase;
			buildActionMask = 2147483647;
			files = (
				F015739F2BEA147300FDA7D0 /* AdLoaderProtocol.swift in Sources */,
				F015740F2BFC53AF00FDA7D0 /* AdmobInterstitialAdLoader.swift in Sources */,
				F015739D2BEA10DA00FDA7D0 /* AdmobService.swift in Sources */,
				F01573A42BF3238400FDA7D0 /* AdmobAppOpenAdLoader.swift in Sources */,
				F02C32C62BEB5026006F5F75 /* GADAdSize+ACCAdSize.swift in Sources */,
				F02C32C42BEB4A29006F5F75 /* ACCAdSize.swift in Sources */,
				F015739B2BEA10CD00FDA7D0 /* AdServiceProtocol.swift in Sources */,
				F02C32C22BEB3794006F5F75 /* AdMobBannerAdLoader.swift in Sources */,
				F02C32AD2BE696BC006F5F75 /* GoogleUMPService.swift in Sources */,
				F02C32AF2BE69704006F5F75 /* GoogleUMPServiceProtocol.swift in Sources */,
			);
			runOnlyForDeploymentPostprocessing = 0;
		};
		F05C23092BE20257003DEC6D /* Sources */ = {
			isa = PBXSourcesBuildPhase;
			buildActionMask = 2147483647;
			files = (
				F05C23142BE202EC003DEC6D /* URLSession+nonisolated.swift in Sources */,
				F05C23152BE202EC003DEC6D /* AnyPublisher+Sendable.swift in Sources */,
				F05C23222BE20660003DEC6D /* UserDefaults+DefaultValue.swift in Sources */,
			);
			runOnlyForDeploymentPostprocessing = 0;
		};
		F066D9392BCFE253003F5690 /* Sources */ = {
			isa = PBXSourcesBuildPhase;
			buildActionMask = 2147483647;
			files = (
				F08BCE7B2BD2682C0067DFC5 /* FirebaseRemoteConfigServiceProtocol.swift in Sources */,
				F0704D612BD7B78C0069F3CA /* FirebaseMessagingService.swift in Sources */,
				F0704D5F2BD7B7690069F3CA /* FirebaseMessagingServiceProtocol.swift in Sources */,
				F08BCE6E2BD21D970067DFC5 /* FirebaseAnalyticsServiceProtocol.swift in Sources */,
				F08BCE7D2BD2683A0067DFC5 /* FirebaseRemoteConfigService.swift in Sources */,
				F08BCE102BD011040067DFC5 /* FirebaseCoreServiceProtocol.swift in Sources */,
				F08BCE122BD0111E0067DFC5 /* FirebaseCoreService.swift in Sources */,
				F08BCE702BD21DA30067DFC5 /* FirebaseAnalyticsService.swift in Sources */,
			);
			runOnlyForDeploymentPostprocessing = 0;
		};
		F0FB21092BA9689700ECEB56 /* Sources */ = {
			isa = PBXSourcesBuildPhase;
			buildActionMask = 2147483647;
			files = (
				F0FB21802BA9887000ECEB56 /* ServiceProviderAppDelegate+URLOpening.swift in Sources */,
				F05C231C2BE204C8003DEC6D /* ACCLogger.swift in Sources */,
				F0FB217E2BA9887000ECEB56 /* ServiceProviderAppDelegate+Continuing.swift in Sources */,
				F0FB21822BA9887000ECEB56 /* ServiceProviderAppDelegate+CloudKitHandling.swift in Sources */,
				F0FB217F2BA9887000ECEB56 /* ServiceProviderAppDelegate+ExtensionTypes.swift in Sources */,
				F0FB21782BA9887000ECEB56 /* ServiceProviderAppDelegate+HandlingActions.swift in Sources */,
				F0FB217C2BA9887000ECEB56 /* ServiceProviderAppDelegate+AppStateRestoration.swift in Sources */,
				F0FB217A2BA9887000ECEB56 /* ServiceProviderAppDelegate+RemoteNotification.swift in Sources */,
				F0FB21792BA9887000ECEB56 /* ServiceProviderAppDelegate+SceneStateHandling.swift in Sources */,
				F01573A12BEA2D8000FDA7D0 /* TrackableServiceProtocol.swift in Sources */,
				F01573872BE3AE7E00FDA7D0 /* ATTService.swift in Sources */,
				F0FB217B2BA9887000ECEB56 /* ServiceProviderAppDelegate+HealthKitInteracting.swift in Sources */,
				F066D92A2BCFBBE6003F5690 /* AnalyticsPlatformProtocol.swift in Sources */,
				F0FB217D2BA9887000ECEB56 /* ServiceProviderAppDelegate+AppStateAndSystemEvents.swift in Sources */,
				F066D91D2BCFA5E1003F5690 /* ServiceState.swift in Sources */,
				F0FB21662BA9853300ECEB56 /* ServiceProviderProtocol.swift in Sources */,
				F01573852BE3AE7400FDA7D0 /* ATTServiceProtocol.swift in Sources */,
				F066D9282BCFBB85003F5690 /* AnalyticsEvent.swift in Sources */,
				F05C232A2BE4E158003DEC6D /* AppEnvironment.swift in Sources */,
				F0FB21812BA9887000ECEB56 /* ServiceProviderAppDelegate+AppInitializing.swift in Sources */,
				F0FB21832BA9887000ECEB56 /* ServiceProviderAppDelegate+SiriKitHandling.swift in Sources */,
				F0FB21682BA986BF00ECEB56 /* ServiceProtocol.swift in Sources */,
				F0FB21852BA9887000ECEB56 /* ServiceProviderAppDelegate+DownloadingData.swift in Sources */,
				F0FB21842BA9887000ECEB56 /* ServiceProviderAppDelegate+WatchKitInteracting.swift in Sources */,
				F08BCE742BD2408C0067DFC5 /* ConfigCenterProtocol.swift in Sources */,
				F02C32BF2BEA6A92006F5F75 /* ACCApp.swift in Sources */,
				F066D92C2BCFBC4E003F5690 /* AnalyticsEventTrackerProtocol.swift in Sources */,
				F08BCE782BD241090067DFC5 /* ConfigurableProtocol.swift in Sources */,
				F0FB21872BA988A100ECEB56 /* ServiceProviderAppDelegate.swift in Sources */,
			);
			runOnlyForDeploymentPostprocessing = 0;
		};
/* End PBXSourcesBuildPhase section */

/* Begin PBXTargetDependency section */
		F02C32A92BE68A93006F5F75 /* PBXTargetDependency */ = {
			isa = PBXTargetDependency;
			target = F0FB210C2BA9689700ECEB56 /* ACCCore */;
			targetProxy = F02C32A82BE68A93006F5F75 /* PBXContainerItemProxy */;
		};
		F05C23262BE20AE7003DEC6D /* PBXTargetDependency */ = {
			isa = PBXTargetDependency;
			target = F05C230C2BE20257003DEC6D /* ACCCoreUtilities */;
			targetProxy = F05C23252BE20AE7003DEC6D /* PBXContainerItemProxy */;
		};
		F066D9482BCFE260003F5690 /* PBXTargetDependency */ = {
			isa = PBXTargetDependency;
			target = F0FB210C2BA9689700ECEB56 /* ACCCore */;
			targetProxy = F066D9472BCFE260003F5690 /* PBXContainerItemProxy */;
		};
/* End PBXTargetDependency section */

/* Begin XCBuildConfiguration section */
		F02C32A42BE68A3B006F5F75 /* Debug */ = {
			isa = XCBuildConfiguration;
			buildSettings = {
				CLANG_ENABLE_MODULES = YES;
				CODE_SIGN_IDENTITY = "";
				CODE_SIGN_STYLE = Automatic;
				CURRENT_PROJECT_VERSION = 1;
				DEBUG_INFORMATION_FORMAT = dwarf;
				DEFINES_MODULE = YES;
				DEVELOPMENT_TEAM = JJZU6K3W3U;
				DYLIB_COMPATIBILITY_VERSION = 1;
				DYLIB_CURRENT_VERSION = 1;
				DYLIB_INSTALL_NAME_BASE = "@rpath";
				ENABLE_MODULE_VERIFIER = YES;
				GENERATE_INFOPLIST_FILE = YES;
				INFOPLIST_KEY_NSHumanReadableCopyright = "";
				INSTALL_PATH = "$(LOCAL_LIBRARY_DIR)/Frameworks";
				IPHONEOS_DEPLOYMENT_TARGET = "$(inherited)";
				LD_RUNPATH_SEARCH_PATHS = (
					"$(inherited)",
					"@executable_path/Frameworks",
					"@loader_path/Frameworks",
				);
				MARKETING_VERSION = 1.0;
				MODULE_VERIFIER_SUPPORTED_LANGUAGES = "objective-c objective-c++";
				MODULE_VERIFIER_SUPPORTED_LANGUAGE_STANDARDS = "gnu17 gnu++20";
				PRODUCT_BUNDLE_IDENTIFIER = co.alcheclub.lib.ACCCoreAdMob;
				PRODUCT_NAME = "$(TARGET_NAME:c99extidentifier)";
				SKIP_INSTALL = YES;
				SWIFT_EMIT_LOC_STRINGS = YES;
				SWIFT_OPTIMIZATION_LEVEL = "-Onone";
				SWIFT_VERSION = 5.0;
				TARGETED_DEVICE_FAMILY = "1,2";
			};
			name = Debug;
		};
		F02C32A52BE68A3B006F5F75 /* Release */ = {
			isa = XCBuildConfiguration;
			buildSettings = {
				CLANG_ENABLE_MODULES = YES;
				CODE_SIGN_IDENTITY = "";
				CODE_SIGN_STYLE = Automatic;
				CURRENT_PROJECT_VERSION = 1;
				DEFINES_MODULE = YES;
				DEVELOPMENT_TEAM = JJZU6K3W3U;
				DYLIB_COMPATIBILITY_VERSION = 1;
				DYLIB_CURRENT_VERSION = 1;
				DYLIB_INSTALL_NAME_BASE = "@rpath";
				ENABLE_MODULE_VERIFIER = YES;
				GENERATE_INFOPLIST_FILE = YES;
				INFOPLIST_KEY_NSHumanReadableCopyright = "";
				INSTALL_PATH = "$(LOCAL_LIBRARY_DIR)/Frameworks";
				IPHONEOS_DEPLOYMENT_TARGET = "$(inherited)";
				LD_RUNPATH_SEARCH_PATHS = (
					"$(inherited)",
					"@executable_path/Frameworks",
					"@loader_path/Frameworks",
				);
				MARKETING_VERSION = 1.0;
				MODULE_VERIFIER_SUPPORTED_LANGUAGES = "objective-c objective-c++";
				MODULE_VERIFIER_SUPPORTED_LANGUAGE_STANDARDS = "gnu17 gnu++20";
				PRODUCT_BUNDLE_IDENTIFIER = co.alcheclub.lib.ACCCoreAdMob;
				PRODUCT_NAME = "$(TARGET_NAME:c99extidentifier)";
				SKIP_INSTALL = YES;
				SWIFT_EMIT_LOC_STRINGS = YES;
				SWIFT_VERSION = 5.0;
				TARGETED_DEVICE_FAMILY = "1,2";
			};
			name = Release;
		};
		F05C23122BE20257003DEC6D /* Debug */ = {
			isa = XCBuildConfiguration;
			buildSettings = {
				CODE_SIGN_IDENTITY = "";
				CODE_SIGN_STYLE = Automatic;
				CURRENT_PROJECT_VERSION = 1;
				DEBUG_INFORMATION_FORMAT = dwarf;
				DEFINES_MODULE = YES;
				DEVELOPMENT_TEAM = "";
				DYLIB_COMPATIBILITY_VERSION = 1;
				DYLIB_CURRENT_VERSION = 1;
				DYLIB_INSTALL_NAME_BASE = "@rpath";
				ENABLE_MODULE_VERIFIER = YES;
				GENERATE_INFOPLIST_FILE = YES;
				INFOPLIST_KEY_NSHumanReadableCopyright = "";
				INSTALL_PATH = "$(LOCAL_LIBRARY_DIR)/Frameworks";
				IPHONEOS_DEPLOYMENT_TARGET = "$(inherited)";
				LD_RUNPATH_SEARCH_PATHS = (
					"$(inherited)",
					"@executable_path/Frameworks",
					"@loader_path/Frameworks",
				);
				MARKETING_VERSION = 1.0;
				MODULE_VERIFIER_SUPPORTED_LANGUAGES = "objective-c objective-c++";
				MODULE_VERIFIER_SUPPORTED_LANGUAGE_STANDARDS = "gnu17 gnu++20";
				PRODUCT_BUNDLE_IDENTIFIER = co.alcheclub.lib.ACCCoreUtilities;
				PRODUCT_NAME = "$(TARGET_NAME:c99extidentifier)";
				PROVISIONING_PROFILE_SPECIFIER = "";
				SKIP_INSTALL = YES;
				SWIFT_EMIT_LOC_STRINGS = YES;
				SWIFT_VERSION = 5.0;
				TARGETED_DEVICE_FAMILY = "1,2";
			};
			name = Debug;
		};
		F05C23132BE20257003DEC6D /* Release */ = {
			isa = XCBuildConfiguration;
			buildSettings = {
				CODE_SIGN_IDENTITY = "";
				CODE_SIGN_STYLE = Automatic;
				CURRENT_PROJECT_VERSION = 1;
				DEFINES_MODULE = YES;
				DEVELOPMENT_TEAM = "";
				DYLIB_COMPATIBILITY_VERSION = 1;
				DYLIB_CURRENT_VERSION = 1;
				DYLIB_INSTALL_NAME_BASE = "@rpath";
				ENABLE_MODULE_VERIFIER = YES;
				GENERATE_INFOPLIST_FILE = YES;
				INFOPLIST_KEY_NSHumanReadableCopyright = "";
				INSTALL_PATH = "$(LOCAL_LIBRARY_DIR)/Frameworks";
				IPHONEOS_DEPLOYMENT_TARGET = "$(inherited)";
				LD_RUNPATH_SEARCH_PATHS = (
					"$(inherited)",
					"@executable_path/Frameworks",
					"@loader_path/Frameworks",
				);
				MARKETING_VERSION = 1.0;
				MODULE_VERIFIER_SUPPORTED_LANGUAGES = "objective-c objective-c++";
				MODULE_VERIFIER_SUPPORTED_LANGUAGE_STANDARDS = "gnu17 gnu++20";
				PRODUCT_BUNDLE_IDENTIFIER = co.alcheclub.lib.ACCCoreUtilities;
				PRODUCT_NAME = "$(TARGET_NAME:c99extidentifier)";
				PROVISIONING_PROFILE_SPECIFIER = "";
				SKIP_INSTALL = YES;
				SWIFT_EMIT_LOC_STRINGS = YES;
				SWIFT_VERSION = 5.0;
				TARGETED_DEVICE_FAMILY = "1,2";
			};
			name = Release;
		};
		F066D9422BCFE253003F5690 /* Debug */ = {
			isa = XCBuildConfiguration;
			buildSettings = {
				CLANG_ENABLE_MODULES = YES;
				CODE_SIGN_IDENTITY = "";
				CODE_SIGN_STYLE = Automatic;
				CURRENT_PROJECT_VERSION = 1;
				DEFINES_MODULE = YES;
				DYLIB_COMPATIBILITY_VERSION = 1;
				DYLIB_CURRENT_VERSION = 1;
				DYLIB_INSTALL_NAME_BASE = "@rpath";
				ENABLE_MODULE_VERIFIER = YES;
				GENERATE_INFOPLIST_FILE = YES;
				INFOPLIST_KEY_NSHumanReadableCopyright = "";
				INSTALL_PATH = "$(LOCAL_LIBRARY_DIR)/Frameworks";
				IPHONEOS_DEPLOYMENT_TARGET = "$(inherited)";
				LD_RUNPATH_SEARCH_PATHS = (
					"$(inherited)",
					"@executable_path/Frameworks",
					"@loader_path/Frameworks",
				);
				MARKETING_VERSION = 1.0;
				MODULE_VERIFIER_SUPPORTED_LANGUAGES = "objective-c objective-c++";
				MODULE_VERIFIER_SUPPORTED_LANGUAGE_STANDARDS = "gnu17 gnu++20";
				PRODUCT_BUNDLE_IDENTIFIER = co.alcheclub.lib.ACCCoreFirebase;
				PRODUCT_NAME = "$(TARGET_NAME:c99extidentifier)";
				SKIP_INSTALL = YES;
				SWIFT_EMIT_LOC_STRINGS = YES;
				SWIFT_OPTIMIZATION_LEVEL = "-Onone";
				SWIFT_STRICT_CONCURRENCY = "$(inherited)";
				SWIFT_VERSION = 5.0;
				TARGETED_DEVICE_FAMILY = "1,2";
			};
			name = Debug;
		};
		F066D9432BCFE253003F5690 /* Release */ = {
			isa = XCBuildConfiguration;
			buildSettings = {
				CLANG_ENABLE_MODULES = YES;
				CODE_SIGN_IDENTITY = "";
				CODE_SIGN_STYLE = Automatic;
				CURRENT_PROJECT_VERSION = 1;
				DEFINES_MODULE = YES;
				DYLIB_COMPATIBILITY_VERSION = 1;
				DYLIB_CURRENT_VERSION = 1;
				DYLIB_INSTALL_NAME_BASE = "@rpath";
				ENABLE_MODULE_VERIFIER = YES;
				GENERATE_INFOPLIST_FILE = YES;
				INFOPLIST_KEY_NSHumanReadableCopyright = "";
				INSTALL_PATH = "$(LOCAL_LIBRARY_DIR)/Frameworks";
				IPHONEOS_DEPLOYMENT_TARGET = "$(inherited)";
				LD_RUNPATH_SEARCH_PATHS = (
					"$(inherited)",
					"@executable_path/Frameworks",
					"@loader_path/Frameworks",
				);
				MARKETING_VERSION = 1.0;
				MODULE_VERIFIER_SUPPORTED_LANGUAGES = "objective-c objective-c++";
				MODULE_VERIFIER_SUPPORTED_LANGUAGE_STANDARDS = "gnu17 gnu++20";
				PRODUCT_BUNDLE_IDENTIFIER = co.alcheclub.lib.ACCCoreFirebase;
				PRODUCT_NAME = "$(TARGET_NAME:c99extidentifier)";
				SKIP_INSTALL = YES;
				SWIFT_EMIT_LOC_STRINGS = YES;
				SWIFT_STRICT_CONCURRENCY = "$(inherited)";
				SWIFT_VERSION = 5.0;
				TARGETED_DEVICE_FAMILY = "1,2";
			};
			name = Release;
		};
		F0FB21122BA9689700ECEB56 /* Debug */ = {
			isa = XCBuildConfiguration;
			buildSettings = {
				ALWAYS_SEARCH_USER_PATHS = NO;
				ASSETCATALOG_COMPILER_GENERATE_SWIFT_ASSET_SYMBOL_EXTENSIONS = YES;
				CLANG_ANALYZER_NONNULL = YES;
				CLANG_ANALYZER_NUMBER_OBJECT_CONVERSION = YES_AGGRESSIVE;
				CLANG_CXX_LANGUAGE_STANDARD = "gnu++20";
				CLANG_ENABLE_MODULES = YES;
				CLANG_ENABLE_OBJC_ARC = YES;
				CLANG_ENABLE_OBJC_WEAK = YES;
				CLANG_WARN_BLOCK_CAPTURE_AUTORELEASING = YES;
				CLANG_WARN_BOOL_CONVERSION = YES;
				CLANG_WARN_COMMA = YES;
				CLANG_WARN_CONSTANT_CONVERSION = YES;
				CLANG_WARN_DEPRECATED_OBJC_IMPLEMENTATIONS = YES;
				CLANG_WARN_DIRECT_OBJC_ISA_USAGE = YES_ERROR;
				CLANG_WARN_DOCUMENTATION_COMMENTS = YES;
				CLANG_WARN_EMPTY_BODY = YES;
				CLANG_WARN_ENUM_CONVERSION = YES;
				CLANG_WARN_INFINITE_RECURSION = YES;
				CLANG_WARN_INT_CONVERSION = YES;
				CLANG_WARN_NON_LITERAL_NULL_CONVERSION = YES;
				CLANG_WARN_OBJC_IMPLICIT_RETAIN_SELF = YES;
				CLANG_WARN_OBJC_LITERAL_CONVERSION = YES;
				CLANG_WARN_OBJC_ROOT_CLASS = YES_ERROR;
				CLANG_WARN_QUOTED_INCLUDE_IN_FRAMEWORK_HEADER = YES;
				CLANG_WARN_RANGE_LOOP_ANALYSIS = YES;
				CLANG_WARN_STRICT_PROTOTYPES = YES;
				CLANG_WARN_SUSPICIOUS_MOVE = YES;
				CLANG_WARN_UNGUARDED_AVAILABILITY = YES_AGGRESSIVE;
				CLANG_WARN_UNREACHABLE_CODE = YES;
				CLANG_WARN__DUPLICATE_METHOD_MATCH = YES;
				COPY_PHASE_STRIP = NO;
				CURRENT_PROJECT_VERSION = 1;
				DEBUG_INFORMATION_FORMAT = "dwarf-with-dsym";
				ENABLE_STRICT_OBJC_MSGSEND = YES;
				ENABLE_TESTABILITY = YES;
				ENABLE_USER_SCRIPT_SANDBOXING = YES;
				GCC_C_LANGUAGE_STANDARD = gnu17;
				GCC_DYNAMIC_NO_PIC = NO;
				GCC_NO_COMMON_BLOCKS = YES;
				GCC_OPTIMIZATION_LEVEL = 0;
				GCC_PREPROCESSOR_DEFINITIONS = (
					"DEBUG=1",
					"$(inherited)",
				);
				GCC_WARN_64_TO_32_BIT_CONVERSION = YES;
				GCC_WARN_ABOUT_RETURN_TYPE = YES_ERROR;
				GCC_WARN_UNDECLARED_SELECTOR = YES;
				GCC_WARN_UNINITIALIZED_AUTOS = YES_AGGRESSIVE;
				GCC_WARN_UNUSED_FUNCTION = YES;
				GCC_WARN_UNUSED_VARIABLE = YES;
				IPHONEOS_DEPLOYMENT_TARGET = 15.0;
				LOCALIZATION_PREFERS_STRING_CATALOGS = YES;
				MACOSX_DEPLOYMENT_TARGET = 12.0;
				MTL_ENABLE_DEBUG_INFO = INCLUDE_SOURCE;
				MTL_FAST_MATH = YES;
				ONLY_ACTIVE_ARCH = YES;
				OTHER_LDFLAGS = "-ObjC";
				SDKROOT = iphoneos;
				SWIFT_ACTIVE_COMPILATION_CONDITIONS = "DEBUG $(inherited)";
				SWIFT_OPTIMIZATION_LEVEL = "-Onone";
				SWIFT_STRICT_CONCURRENCY = complete;
				VERSIONING_SYSTEM = "apple-generic";
				VERSION_INFO_PREFIX = "";
			};
			name = Debug;
		};
		F0FB21132BA9689700ECEB56 /* Release */ = {
			isa = XCBuildConfiguration;
			buildSettings = {
				ALWAYS_SEARCH_USER_PATHS = NO;
				ASSETCATALOG_COMPILER_GENERATE_SWIFT_ASSET_SYMBOL_EXTENSIONS = YES;
				CLANG_ANALYZER_NONNULL = YES;
				CLANG_ANALYZER_NUMBER_OBJECT_CONVERSION = YES_AGGRESSIVE;
				CLANG_CXX_LANGUAGE_STANDARD = "gnu++20";
				CLANG_ENABLE_MODULES = YES;
				CLANG_ENABLE_OBJC_ARC = YES;
				CLANG_ENABLE_OBJC_WEAK = YES;
				CLANG_WARN_BLOCK_CAPTURE_AUTORELEASING = YES;
				CLANG_WARN_BOOL_CONVERSION = YES;
				CLANG_WARN_COMMA = YES;
				CLANG_WARN_CONSTANT_CONVERSION = YES;
				CLANG_WARN_DEPRECATED_OBJC_IMPLEMENTATIONS = YES;
				CLANG_WARN_DIRECT_OBJC_ISA_USAGE = YES_ERROR;
				CLANG_WARN_DOCUMENTATION_COMMENTS = YES;
				CLANG_WARN_EMPTY_BODY = YES;
				CLANG_WARN_ENUM_CONVERSION = YES;
				CLANG_WARN_INFINITE_RECURSION = YES;
				CLANG_WARN_INT_CONVERSION = YES;
				CLANG_WARN_NON_LITERAL_NULL_CONVERSION = YES;
				CLANG_WARN_OBJC_IMPLICIT_RETAIN_SELF = YES;
				CLANG_WARN_OBJC_LITERAL_CONVERSION = YES;
				CLANG_WARN_OBJC_ROOT_CLASS = YES_ERROR;
				CLANG_WARN_QUOTED_INCLUDE_IN_FRAMEWORK_HEADER = YES;
				CLANG_WARN_RANGE_LOOP_ANALYSIS = YES;
				CLANG_WARN_STRICT_PROTOTYPES = YES;
				CLANG_WARN_SUSPICIOUS_MOVE = YES;
				CLANG_WARN_UNGUARDED_AVAILABILITY = YES_AGGRESSIVE;
				CLANG_WARN_UNREACHABLE_CODE = YES;
				CLANG_WARN__DUPLICATE_METHOD_MATCH = YES;
				COPY_PHASE_STRIP = NO;
				CURRENT_PROJECT_VERSION = 1;
				DEBUG_INFORMATION_FORMAT = "dwarf-with-dsym";
				ENABLE_NS_ASSERTIONS = NO;
				ENABLE_STRICT_OBJC_MSGSEND = YES;
				ENABLE_USER_SCRIPT_SANDBOXING = YES;
				GCC_C_LANGUAGE_STANDARD = gnu17;
				GCC_NO_COMMON_BLOCKS = YES;
				GCC_WARN_64_TO_32_BIT_CONVERSION = YES;
				GCC_WARN_ABOUT_RETURN_TYPE = YES_ERROR;
				GCC_WARN_UNDECLARED_SELECTOR = YES;
				GCC_WARN_UNINITIALIZED_AUTOS = YES_AGGRESSIVE;
				GCC_WARN_UNUSED_FUNCTION = YES;
				GCC_WARN_UNUSED_VARIABLE = YES;
				IPHONEOS_DEPLOYMENT_TARGET = 15.0;
				LOCALIZATION_PREFERS_STRING_CATALOGS = YES;
				MACOSX_DEPLOYMENT_TARGET = 12.0;
				MTL_ENABLE_DEBUG_INFO = NO;
				MTL_FAST_MATH = YES;
				OTHER_LDFLAGS = "-ObjC";
				SDKROOT = iphoneos;
				SWIFT_COMPILATION_MODE = wholemodule;
				SWIFT_STRICT_CONCURRENCY = complete;
				VALIDATE_PRODUCT = YES;
				VERSIONING_SYSTEM = "apple-generic";
				VERSION_INFO_PREFIX = "";
			};
			name = Release;
		};
		F0FB21152BA9689700ECEB56 /* Debug */ = {
			isa = XCBuildConfiguration;
			buildSettings = {
				CLANG_ENABLE_MODULES = YES;
				CODE_SIGN_IDENTITY = "";
				CODE_SIGN_STYLE = Automatic;
				CURRENT_PROJECT_VERSION = 1;
				DEFINES_MODULE = YES;
				DYLIB_COMPATIBILITY_VERSION = 1;
				DYLIB_CURRENT_VERSION = 1;
				DYLIB_INSTALL_NAME_BASE = "@rpath";
				ENABLE_MODULE_VERIFIER = YES;
				GENERATE_INFOPLIST_FILE = YES;
				INFOPLIST_KEY_NSHumanReadableCopyright = "";
				INSTALL_PATH = "$(LOCAL_LIBRARY_DIR)/Frameworks";
				IPHONEOS_DEPLOYMENT_TARGET = "$(inherited)";
				LD_RUNPATH_SEARCH_PATHS = (
					"$(inherited)",
					"@executable_path/Frameworks",
					"@loader_path/Frameworks",
				);
				MARKETING_VERSION = 1.0;
				MODULE_VERIFIER_SUPPORTED_LANGUAGES = "objective-c objective-c++";
				MODULE_VERIFIER_SUPPORTED_LANGUAGE_STANDARDS = "gnu17 gnu++20";
				PRODUCT_BUNDLE_IDENTIFIER = co.alcheclub.lib.ACCCore;
				PRODUCT_NAME = "$(TARGET_NAME:c99extidentifier)";
				SKIP_INSTALL = YES;
				SWIFT_EMIT_LOC_STRINGS = YES;
				SWIFT_OPTIMIZATION_LEVEL = "-Onone";
				SWIFT_STRICT_CONCURRENCY = "$(inherited)";
				SWIFT_VERSION = 5.0;
				TARGETED_DEVICE_FAMILY = "1,2";
			};
			name = Debug;
		};
		F0FB21162BA9689700ECEB56 /* Release */ = {
			isa = XCBuildConfiguration;
			buildSettings = {
				CLANG_ENABLE_MODULES = YES;
				CODE_SIGN_IDENTITY = "";
				CODE_SIGN_STYLE = Automatic;
				CURRENT_PROJECT_VERSION = 1;
				DEFINES_MODULE = YES;
				DYLIB_COMPATIBILITY_VERSION = 1;
				DYLIB_CURRENT_VERSION = 1;
				DYLIB_INSTALL_NAME_BASE = "@rpath";
				ENABLE_MODULE_VERIFIER = YES;
				GENERATE_INFOPLIST_FILE = YES;
				INFOPLIST_KEY_NSHumanReadableCopyright = "";
				INSTALL_PATH = "$(LOCAL_LIBRARY_DIR)/Frameworks";
				IPHONEOS_DEPLOYMENT_TARGET = "$(inherited)";
				LD_RUNPATH_SEARCH_PATHS = (
					"$(inherited)",
					"@executable_path/Frameworks",
					"@loader_path/Frameworks",
				);
				MARKETING_VERSION = 1.0;
				MODULE_VERIFIER_SUPPORTED_LANGUAGES = "objective-c objective-c++";
				MODULE_VERIFIER_SUPPORTED_LANGUAGE_STANDARDS = "gnu17 gnu++20";
				PRODUCT_BUNDLE_IDENTIFIER = co.alcheclub.lib.ACCCore;
				PRODUCT_NAME = "$(TARGET_NAME:c99extidentifier)";
				SKIP_INSTALL = YES;
				SWIFT_EMIT_LOC_STRINGS = YES;
				SWIFT_STRICT_CONCURRENCY = "$(inherited)";
				SWIFT_VERSION = 5.0;
				TARGETED_DEVICE_FAMILY = "1,2";
			};
			name = Release;
		};
/* End XCBuildConfiguration section */

/* Begin XCConfigurationList section */
		F02C32A32BE68A3B006F5F75 /* Build configuration list for PBXNativeTarget "ACCCoreAdMob" */ = {
			isa = XCConfigurationList;
			buildConfigurations = (
				F02C32A42BE68A3B006F5F75 /* Debug */,
				F02C32A52BE68A3B006F5F75 /* Release */,
			);
			defaultConfigurationIsVisible = 0;
			defaultConfigurationName = Release;
		};
		F05C23112BE20257003DEC6D /* Build configuration list for PBXNativeTarget "ACCCoreUtilities" */ = {
			isa = XCConfigurationList;
			buildConfigurations = (
				F05C23122BE20257003DEC6D /* Debug */,
				F05C23132BE20257003DEC6D /* Release */,
			);
			defaultConfigurationIsVisible = 0;
			defaultConfigurationName = Release;
		};
		F066D9412BCFE253003F5690 /* Build configuration list for PBXNativeTarget "ACCCoreFirebase" */ = {
			isa = XCConfigurationList;
			buildConfigurations = (
				F066D9422BCFE253003F5690 /* Debug */,
				F066D9432BCFE253003F5690 /* Release */,
			);
			defaultConfigurationIsVisible = 0;
			defaultConfigurationName = Release;
		};
		F0FB21072BA9689700ECEB56 /* Build configuration list for PBXProject "ACCCore" */ = {
			isa = XCConfigurationList;
			buildConfigurations = (
				F0FB21122BA9689700ECEB56 /* Debug */,
				F0FB21132BA9689700ECEB56 /* Release */,
			);
			defaultConfigurationIsVisible = 0;
			defaultConfigurationName = Release;
		};
		F0FB21142BA9689700ECEB56 /* Build configuration list for PBXNativeTarget "ACCCore" */ = {
			isa = XCConfigurationList;
			buildConfigurations = (
				F0FB21152BA9689700ECEB56 /* Debug */,
				F0FB21162BA9689700ECEB56 /* Release */,
			);
			defaultConfigurationIsVisible = 0;
			defaultConfigurationName = Release;
		};
/* End XCConfigurationList section */
	};
	rootObject = F0FB21042BA9689700ECEB56 /* Project object */;
}
