// !$*UTF8*$!
{
	archiveVersion = 1;
	classes = {
	};
	objectVersion = 56;
	objects = {

/* Begin PBXBuildFile section */
		F036DFDE2BD6A95800EDC0D9 /* rc_defaults.plist in Resources */ = {isa = PBXBuildFile; fileRef = F036DFDD2BD6A95800EDC0D9 /* rc_defaults.plist */; };
		F066D9352BCFC050003F5690 /* MainViewModel.swift in Sources */ = {isa = PBXBuildFile; fileRef = F066D9342BCFC050003F5690 /* MainViewModel.swift */; };
		F066D9372BCFC05C003F5690 /* MainView.swift in Sources */ = {isa = PBXBuildFile; fileRef = F066D9362BCFC05C003F5690 /* MainView.swift */; };
		F0704C772BD67BBB0069F3CA /* GoogleService-Info.plist in Resources */ = {isa = PBXBuildFile; fileRef = F08BCE272BD020EB0067DFC5 /* GoogleService-Info.plist */; };
		F08BCE652BD02E410067DFC5 /* ACCCore.framework in Frameworks */ = {isa = PBXBuildFile; fileRef = F066D92E2BCFBED7003F5690 /* ACCCore.framework */; };
		F08BCE662BD02E410067DFC5 /* ACCCore.framework in Embed Frameworks */ = {isa = PBXBuildFile; fileRef = F066D92E2BCFBED7003F5690 /* ACCCore.framework */; settings = {ATTRIBUTES = (CodeSignOnCopy, RemoveHeadersOnCopy, ); }; };
		F08BCE682BD02E430067DFC5 /* ACCCoreFirebase.framework in Frameworks */ = {isa = PBXBuildFile; fileRef = F08BCE232BD0173A0067DFC5 /* ACCCoreFirebase.framework */; };
		F08BCE692BD02E430067DFC5 /* ACCCoreFirebase.framework in Embed Frameworks */ = {isa = PBXBuildFile; fileRef = F08BCE232BD0173A0067DFC5 /* ACCCoreFirebase.framework */; settings = {ATTRIBUTES = (CodeSignOnCopy, RemoveHeadersOnCopy, ); }; };
		F0B2E7932BCE7A32004BA72A /* ExampleAppDelegate.swift in Sources */ = {isa = PBXBuildFile; fileRef = F0B2E7922BCE7A32004BA72A /* ExampleAppDelegate.swift */; };
		F0B2E7952BCE7A8F004BA72A /* BaseViewModel.swift in Sources */ = {isa = PBXBuildFile; fileRef = F0B2E7942BCE7A8F004BA72A /* BaseViewModel.swift */; };
		F0B2E7972BCE7A9C004BA72A /* HomeViewModel.swift in Sources */ = {isa = PBXBuildFile; fileRef = F0B2E7962BCE7A9C004BA72A /* HomeViewModel.swift */; };
		F0B2E7992BCE7AAA004BA72A /* HomeView.swift in Sources */ = {isa = PBXBuildFile; fileRef = F0B2E7982BCE7AAA004BA72A /* HomeView.swift */; };
		F0B2E79B2BCE7BB6004BA72A /* BaseView.swift in Sources */ = {isa = PBXBuildFile; fileRef = F0B2E79A2BCE7BB6004BA72A /* BaseView.swift */; };
		F0B2E79D2BCE7E41004BA72A /* SampleServiceProtocol.swift in Sources */ = {isa = PBXBuildFile; fileRef = F0B2E79C2BCE7E41004BA72A /* SampleServiceProtocol.swift */; };
		F0B2E79F2BCE7E4A004BA72A /* SampleService.swift in Sources */ = {isa = PBXBuildFile; fileRef = F0B2E79E2BCE7E4A004BA72A /* SampleService.swift */; };
		F0FB21582BA977E700ECEB56 /* Example_iOSApp.swift in Sources */ = {isa = PBXBuildFile; fileRef = F0FB21572BA977E700ECEB56 /* Example_iOSApp.swift */; };
		F0FB215C2BA977E900ECEB56 /* Assets.xcassets in Resources */ = {isa = PBXBuildFile; fileRef = F0FB215B2BA977E900ECEB56 /* Assets.xcassets */; };
		F0FB215F2BA977E900ECEB56 /* Preview Assets.xcassets in Resources */ = {isa = PBXBuildFile; fileRef = F0FB215E2BA977E900ECEB56 /* Preview Assets.xcassets */; };
/* End PBXBuildFile section */

/* Begin PBXCopyFilesBuildPhase section */
		F08BCE672BD02E410067DFC5 /* Embed Frameworks */ = {
			isa = PBXCopyFilesBuildPhase;
			buildActionMask = 2147483647;
			dstPath = "";
			dstSubfolderSpec = 10;
			files = (
				F08BCE692BD02E430067DFC5 /* ACCCoreFirebase.framework in Embed Frameworks */,
				F08BCE662BD02E410067DFC5 /* ACCCore.framework in Embed Frameworks */,
			);
			name = "Embed Frameworks";
			runOnlyForDeploymentPostprocessing = 0;
		};
/* End PBXCopyFilesBuildPhase section */

/* Begin PBXFileReference section */
		F036DFDD2BD6A95800EDC0D9 /* rc_defaults.plist */ = {isa = PBXFileReference; fileEncoding = 4; lastKnownFileType = text.plist.xml; name = rc_defaults.plist; path = ../../../../../Downloads/rc_defaults.plist; sourceTree = "<group>"; };
		F066D92E2BCFBED7003F5690 /* ACCCore.framework */ = {isa = PBXFileReference; explicitFileType = wrapper.framework; path = ACCCore.framework; sourceTree = BUILT_PRODUCTS_DIR; };
		F066D9342BCFC050003F5690 /* MainViewModel.swift */ = {isa = PBXFileReference; lastKnownFileType = sourcecode.swift; path = MainViewModel.swift; sourceTree = "<group>"; };
		F066D9362BCFC05C003F5690 /* MainView.swift */ = {isa = PBXFileReference; lastKnownFileType = sourcecode.swift; path = MainView.swift; sourceTree = "<group>"; };
		F08BCE232BD0173A0067DFC5 /* ACCCoreFirebase.framework */ = {isa = PBXFileReference; explicitFileType = wrapper.framework; path = ACCCoreFirebase.framework; sourceTree = BUILT_PRODUCTS_DIR; };
		F08BCE272BD020EB0067DFC5 /* GoogleService-Info.plist */ = {isa = PBXFileReference; fileEncoding = 4; lastKnownFileType = text.plist.xml; path = "GoogleService-Info.plist"; sourceTree = "<group>"; };
		F0B2E7922BCE7A32004BA72A /* ExampleAppDelegate.swift */ = {isa = PBXFileReference; lastKnownFileType = sourcecode.swift; path = ExampleAppDelegate.swift; sourceTree = "<group>"; };
		F0B2E7942BCE7A8F004BA72A /* BaseViewModel.swift */ = {isa = PBXFileReference; lastKnownFileType = sourcecode.swift; path = BaseViewModel.swift; sourceTree = "<group>"; };
		F0B2E7962BCE7A9C004BA72A /* HomeViewModel.swift */ = {isa = PBXFileReference; lastKnownFileType = sourcecode.swift; path = HomeViewModel.swift; sourceTree = "<group>"; };
		F0B2E7982BCE7AAA004BA72A /* HomeView.swift */ = {isa = PBXFileReference; lastKnownFileType = sourcecode.swift; path = HomeView.swift; sourceTree = "<group>"; };
		F0B2E79A2BCE7BB6004BA72A /* BaseView.swift */ = {isa = PBXFileReference; lastKnownFileType = sourcecode.swift; path = BaseView.swift; sourceTree = "<group>"; };
		F0B2E79C2BCE7E41004BA72A /* SampleServiceProtocol.swift */ = {isa = PBXFileReference; lastKnownFileType = sourcecode.swift; path = SampleServiceProtocol.swift; sourceTree = "<group>"; };
		F0B2E79E2BCE7E4A004BA72A /* SampleService.swift */ = {isa = PBXFileReference; lastKnownFileType = sourcecode.swift; path = SampleService.swift; sourceTree = "<group>"; };
		F0FB21552BA977E700ECEB56 /* Example-iOS.app */ = {isa = PBXFileReference; explicitFileType = wrapper.application; includeInIndex = 0; path = "Example-iOS.app"; sourceTree = BUILT_PRODUCTS_DIR; };
		F0FB21572BA977E700ECEB56 /* Example_iOSApp.swift */ = {isa = PBXFileReference; lastKnownFileType = sourcecode.swift; path = Example_iOSApp.swift; sourceTree = "<group>"; };
		F0FB215B2BA977E900ECEB56 /* Assets.xcassets */ = {isa = PBXFileReference; lastKnownFileType = folder.assetcatalog; path = Assets.xcassets; sourceTree = "<group>"; };
		F0FB215E2BA977E900ECEB56 /* Preview Assets.xcassets */ = {isa = PBXFileReference; lastKnownFileType = folder.assetcatalog; path = "Preview Assets.xcassets"; sourceTree = "<group>"; };
/* End PBXFileReference section */

/* Begin PBXFrameworksBuildPhase section */
		F0FB21522BA977E700ECEB56 /* Frameworks */ = {
			isa = PBXFrameworksBuildPhase;
			buildActionMask = 2147483647;
			files = (
				F08BCE682BD02E430067DFC5 /* ACCCoreFirebase.framework in Frameworks */,
				F08BCE652BD02E410067DFC5 /* ACCCore.framework in Frameworks */,
			);
			runOnlyForDeploymentPostprocessing = 0;
		};
/* End PBXFrameworksBuildPhase section */

/* Begin PBXGroup section */
		F066D92D2BCFBED7003F5690 /* Frameworks */ = {
			isa = PBXGroup;
			children = (
				F08BCE232BD0173A0067DFC5 /* ACCCoreFirebase.framework */,
				F066D92E2BCFBED7003F5690 /* ACCCore.framework */,
			);
			name = Frameworks;
			sourceTree = "<group>";
		};
		F066D9322BCFC014003F5690 /* Home */ = {
			isa = PBXGroup;
			children = (
				F0B2E7962BCE7A9C004BA72A /* HomeViewModel.swift */,
				F0B2E7982BCE7AAA004BA72A /* HomeView.swift */,
			);
			path = Home;
			sourceTree = "<group>";
		};
		F066D9332BCFC03D003F5690 /* Main */ = {
			isa = PBXGroup;
			children = (
				F066D9342BCFC050003F5690 /* MainViewModel.swift */,
				F066D9362BCFC05C003F5690 /* MainView.swift */,
			);
			path = Main;
			sourceTree = "<group>";
		};
		F0FB212B2BA9767300ECEB56 = {
			isa = PBXGroup;
			children = (
				F0FB21562BA977E700ECEB56 /* Example-iOS */,
				F0FB21352BA9767300ECEB56 /* Products */,
				F066D92D2BCFBED7003F5690 /* Frameworks */,
			);
			sourceTree = "<group>";
		};
		F0FB21352BA9767300ECEB56 /* Products */ = {
			isa = PBXGroup;
			children = (
				F0FB21552BA977E700ECEB56 /* Example-iOS.app */,
			);
			name = Products;
			sourceTree = "<group>";
		};
		F0FB21562BA977E700ECEB56 /* Example-iOS */ = {
			isa = PBXGroup;
			children = (
				F036DFDD2BD6A95800EDC0D9 /* rc_defaults.plist */,
				F08BCE272BD020EB0067DFC5 /* GoogleService-Info.plist */,
				F066D9332BCFC03D003F5690 /* Main */,
				F066D9322BCFC014003F5690 /* Home */,
				F0FB21572BA977E700ECEB56 /* Example_iOSApp.swift */,
				F0FB215B2BA977E900ECEB56 /* Assets.xcassets */,
				F0FB215D2BA977E900ECEB56 /* Preview Content */,
				F0B2E7922BCE7A32004BA72A /* ExampleAppDelegate.swift */,
				F0B2E7942BCE7A8F004BA72A /* BaseViewModel.swift */,
				F0B2E79A2BCE7BB6004BA72A /* BaseView.swift */,
				F0B2E79C2BCE7E41004BA72A /* SampleServiceProtocol.swift */,
				F0B2E79E2BCE7E4A004BA72A /* SampleService.swift */,
			);
			path = "Example-iOS";
			sourceTree = "<group>";
		};
		F0FB215D2BA977E900ECEB56 /* Preview Content */ = {
			isa = PBXGroup;
			children = (
				F0FB215E2BA977E900ECEB56 /* Preview Assets.xcassets */,
			);
			path = "Preview Content";
			sourceTree = "<group>";
		};
/* End PBXGroup section */

/* Begin PBXNativeTarget section */
		F0FB21542BA977E700ECEB56 /* Example-iOS */ = {
			isa = PBXNativeTarget;
			buildConfigurationList = F0FB21602BA977E900ECEB56 /* Build configuration list for PBXNativeTarget "Example-iOS" */;
			buildPhases = (
				F08BCE672BD02E410067DFC5 /* Embed Frameworks */,
				F0FB21512BA977E700ECEB56 /* Sources */,
				F0FB21522BA977E700ECEB56 /* Frameworks */,
				F0FB21532BA977E700ECEB56 /* Resources */,
				F08BCE2D2BD023AB0067DFC5 /* Crash */,
			);
			buildRules = (
			);
			dependencies = (
			);
			name = "Example-iOS";
			productName = "Example-iOS";
			productReference = F0FB21552BA977E700ECEB56 /* Example-iOS.app */;
			productType = "com.apple.product-type.application";
		};
/* End PBXNativeTarget section */

/* Begin PBXProject section */
		F0FB212C2BA9767300ECEB56 /* Project object */ = {
			isa = PBXProject;
			attributes = {
				BuildIndependentTargetsInParallel = 1;
				LastSwiftUpdateCheck = 1510;
				LastUpgradeCheck = 1510;
				TargetAttributes = {
					F0FB21542BA977E700ECEB56 = {
						CreatedOnToolsVersion = 15.1;
					};
				};
			};
			buildConfigurationList = F0FB212F2BA9767300ECEB56 /* Build configuration list for PBXProject "Examples" */;
			compatibilityVersion = "Xcode 14.0";
			developmentRegion = en;
			hasScannedForEncodings = 0;
			knownRegions = (
				en,
				Base,
			);
			mainGroup = F0FB212B2BA9767300ECEB56;
			productRefGroup = F0FB21352BA9767300ECEB56 /* Products */;
			projectDirPath = "";
			projectRoot = "";
			targets = (
				F0FB21542BA977E700ECEB56 /* Example-iOS */,
			);
		};
/* End PBXProject section */

/* Begin PBXResourcesBuildPhase section */
		F0FB21532BA977E700ECEB56 /* Resources */ = {
			isa = PBXResourcesBuildPhase;
			buildActionMask = 2147483647;
			files = (
				F0FB215F2BA977E900ECEB56 /* Preview Assets.xcassets in Resources */,
				F0FB215C2BA977E900ECEB56 /* Assets.xcassets in Resources */,
				F0704C772BD67BBB0069F3CA /* GoogleService-Info.plist in Resources */,
				F036DFDE2BD6A95800EDC0D9 /* rc_defaults.plist in Resources */,
			);
			runOnlyForDeploymentPostprocessing = 0;
		};
/* End PBXResourcesBuildPhase section */

/* Begin PBXShellScriptBuildPhase section */
		F08BCE2D2BD023AB0067DFC5 /* Crash */ = {
			isa = PBXShellScriptBuildPhase;
			alwaysOutOfDate = 1;
			buildActionMask = 2147483647;
			files = (
			);
			inputFileListPaths = (
			);
			inputPaths = (
				"${DWARF_DSYM_FOLDER_PATH}/${DWARF_DSYM_FILE_NAME}/Contents/Resources/DWARF/${TARGET_NAME}",
				"${BUILT_PRODUCTS_DIR}/${INFOPLIST_PATH}",
			);
			name = Crash;
			outputFileListPaths = (
			);
			outputPaths = (
			);
			runOnlyForDeploymentPostprocessing = 0;
			shellPath = /bin/sh;
			shellScript = "# Type a script or drag a script file from your workspace to insert its path.\n\"${PROJECT_DIR}/scripts/run\"\n";
		};
/* End PBXShellScriptBuildPhase section */

/* Begin PBXSourcesBuildPhase section */
		F0FB21512BA977E700ECEB56 /* Sources */ = {
			isa = PBXSourcesBuildPhase;
			buildActionMask = 2147483647;
			files = (
				F0B2E7932BCE7A32004BA72A /* ExampleAppDelegate.swift in Sources */,
				F0B2E79F2BCE7E4A004BA72A /* SampleService.swift in Sources */,
				F0FB21582BA977E700ECEB56 /* Example_iOSApp.swift in Sources */,
				F066D9372BCFC05C003F5690 /* MainView.swift in Sources */,
				F0B2E79D2BCE7E41004BA72A /* SampleServiceProtocol.swift in Sources */,
				F0B2E7952BCE7A8F004BA72A /* BaseViewModel.swift in Sources */,
				F0B2E79B2BCE7BB6004BA72A /* BaseView.swift in Sources */,
				F0B2E7992BCE7AAA004BA72A /* HomeView.swift in Sources */,
				F0B2E7972BCE7A9C004BA72A /* HomeViewModel.swift in Sources */,
				F066D9352BCFC050003F5690 /* MainViewModel.swift in Sources */,
			);
			runOnlyForDeploymentPostprocessing = 0;
		};
/* End PBXSourcesBuildPhase section */

/* Begin XCBuildConfiguration section */
		F0FB21402BA9767500ECEB56 /* Debug */ = {
			isa = XCBuildConfiguration;
			buildSettings = {
				ALWAYS_SEARCH_USER_PATHS = NO;
				ASSETCATALOG_COMPILER_GENERATE_SWIFT_ASSET_SYMBOL_EXTENSIONS = YES;
				CLANG_ANALYZER_NONNULL = YES;
				CLANG_ANALYZER_NUMBER_OBJECT_CONVERSION = YES_AGGRESSIVE;
				CLANG_CXX_LANGUAGE_STANDARD = "gnu++20";
				CLANG_ENABLE_MODULES = YES;
				CLANG_ENABLE_OBJC_ARC = YES;
				CLANG_ENABLE_OBJC_WEAK = YES;
				CLANG_WARN_BLOCK_CAPTURE_AUTORELEASING = YES;
				CLANG_WARN_BOOL_CONVERSION = YES;
				CLANG_WARN_COMMA = YES;
				CLANG_WARN_CONSTANT_CONVERSION = YES;
				CLANG_WARN_DEPRECATED_OBJC_IMPLEMENTATIONS = YES;
				CLANG_WARN_DIRECT_OBJC_ISA_USAGE = YES_ERROR;
				CLANG_WARN_DOCUMENTATION_COMMENTS = YES;
				CLANG_WARN_EMPTY_BODY = YES;
				CLANG_WARN_ENUM_CONVERSION = YES;
				CLANG_WARN_INFINITE_RECURSION = YES;
				CLANG_WARN_INT_CONVERSION = YES;
				CLANG_WARN_NON_LITERAL_NULL_CONVERSION = YES;
				CLANG_WARN_OBJC_IMPLICIT_RETAIN_SELF = YES;
				CLANG_WARN_OBJC_LITERAL_CONVERSION = YES;
				CLANG_WARN_OBJC_ROOT_CLASS = YES_ERROR;
				CLANG_WARN_QUOTED_INCLUDE_IN_FRAMEWORK_HEADER = YES;
				CLANG_WARN_RANGE_LOOP_ANALYSIS = YES;
				CLANG_WARN_STRICT_PROTOTYPES = YES;
				CLANG_WARN_SUSPICIOUS_MOVE = YES;
				CLANG_WARN_UNGUARDED_AVAILABILITY = YES_AGGRESSIVE;
				CLANG_WARN_UNREACHABLE_CODE = YES;
				CLANG_WARN__DUPLICATE_METHOD_MATCH = YES;
				COPY_PHASE_STRIP = NO;
				DEBUG_INFORMATION_FORMAT = dwarf;
				ENABLE_STRICT_OBJC_MSGSEND = YES;
				ENABLE_TESTABILITY = YES;
				ENABLE_USER_SCRIPT_SANDBOXING = NO;
				GCC_C_LANGUAGE_STANDARD = gnu17;
				GCC_DYNAMIC_NO_PIC = NO;
				GCC_NO_COMMON_BLOCKS = YES;
				GCC_OPTIMIZATION_LEVEL = 0;
				GCC_PREPROCESSOR_DEFINITIONS = (
					"DEBUG=1",
					"$(inherited)",
				);
				GCC_WARN_64_TO_32_BIT_CONVERSION = YES;
				GCC_WARN_ABOUT_RETURN_TYPE = YES_ERROR;
				GCC_WARN_UNDECLARED_SELECTOR = YES;
				GCC_WARN_UNINITIALIZED_AUTOS = YES_AGGRESSIVE;
				GCC_WARN_UNUSED_FUNCTION = YES;
				GCC_WARN_UNUSED_VARIABLE = YES;
				IPHONEOS_DEPLOYMENT_TARGET = 15.0;
				LOCALIZATION_PREFERS_STRING_CATALOGS = YES;
				MTL_ENABLE_DEBUG_INFO = INCLUDE_SOURCE;
				MTL_FAST_MATH = YES;
				ONLY_ACTIVE_ARCH = YES;
				SDKROOT = iphoneos;
				SWIFT_ACTIVE_COMPILATION_CONDITIONS = "DEBUG $(inherited)";
				SWIFT_OPTIMIZATION_LEVEL = "-Onone";
			};
			name = Debug;
		};
		F0FB21412BA9767500ECEB56 /* Release */ = {
			isa = XCBuildConfiguration;
			buildSettings = {
				ALWAYS_SEARCH_USER_PATHS = NO;
				ASSETCATALOG_COMPILER_GENERATE_SWIFT_ASSET_SYMBOL_EXTENSIONS = YES;
				CLANG_ANALYZER_NONNULL = YES;
				CLANG_ANALYZER_NUMBER_OBJECT_CONVERSION = YES_AGGRESSIVE;
				CLANG_CXX_LANGUAGE_STANDARD = "gnu++20";
				CLANG_ENABLE_MODULES = YES;
				CLANG_ENABLE_OBJC_ARC = YES;
				CLANG_ENABLE_OBJC_WEAK = YES;
				CLANG_WARN_BLOCK_CAPTURE_AUTORELEASING = YES;
				CLANG_WARN_BOOL_CONVERSION = YES;
				CLANG_WARN_COMMA = YES;
				CLANG_WARN_CONSTANT_CONVERSION = YES;
				CLANG_WARN_DEPRECATED_OBJC_IMPLEMENTATIONS = YES;
				CLANG_WARN_DIRECT_OBJC_ISA_USAGE = YES_ERROR;
				CLANG_WARN_DOCUMENTATION_COMMENTS = YES;
				CLANG_WARN_EMPTY_BODY = YES;
				CLANG_WARN_ENUM_CONVERSION = YES;
				CLANG_WARN_INFINITE_RECURSION = YES;
				CLANG_WARN_INT_CONVERSION = YES;
				CLANG_WARN_NON_LITERAL_NULL_CONVERSION = YES;
				CLANG_WARN_OBJC_IMPLICIT_RETAIN_SELF = YES;
				CLANG_WARN_OBJC_LITERAL_CONVERSION = YES;
				CLANG_WARN_OBJC_ROOT_CLASS = YES_ERROR;
				CLANG_WARN_QUOTED_INCLUDE_IN_FRAMEWORK_HEADER = YES;
				CLANG_WARN_RANGE_LOOP_ANALYSIS = YES;
				CLANG_WARN_STRICT_PROTOTYPES = YES;
				CLANG_WARN_SUSPICIOUS_MOVE = YES;
				CLANG_WARN_UNGUARDED_AVAILABILITY = YES_AGGRESSIVE;
				CLANG_WARN_UNREACHABLE_CODE = YES;
				CLANG_WARN__DUPLICATE_METHOD_MATCH = YES;
				COPY_PHASE_STRIP = NO;
				DEBUG_INFORMATION_FORMAT = "dwarf-with-dsym";
				ENABLE_NS_ASSERTIONS = NO;
				ENABLE_STRICT_OBJC_MSGSEND = YES;
				ENABLE_USER_SCRIPT_SANDBOXING = NO;
				GCC_C_LANGUAGE_STANDARD = gnu17;
				GCC_NO_COMMON_BLOCKS = YES;
				GCC_WARN_64_TO_32_BIT_CONVERSION = YES;
				GCC_WARN_ABOUT_RETURN_TYPE = YES_ERROR;
				GCC_WARN_UNDECLARED_SELECTOR = YES;
				GCC_WARN_UNINITIALIZED_AUTOS = YES_AGGRESSIVE;
				GCC_WARN_UNUSED_FUNCTION = YES;
				GCC_WARN_UNUSED_VARIABLE = YES;
				IPHONEOS_DEPLOYMENT_TARGET = 15.0;
				LOCALIZATION_PREFERS_STRING_CATALOGS = YES;
				MTL_ENABLE_DEBUG_INFO = NO;
				MTL_FAST_MATH = YES;
				SDKROOT = iphoneos;
				SWIFT_COMPILATION_MODE = wholemodule;
				VALIDATE_PRODUCT = YES;
			};
			name = Release;
		};
		F0FB21612BA977E900ECEB56 /* Debug */ = {
			isa = XCBuildConfiguration;
			buildSettings = {
				ASSETCATALOG_COMPILER_APPICON_NAME = AppIcon;
				ASSETCATALOG_COMPILER_GLOBAL_ACCENT_COLOR_NAME = AccentColor;
				"CODE_SIGN_IDENTITY[sdk=iphoneos*]" = "iPhone Developer";
				CODE_SIGN_STYLE = Manual;
				CURRENT_PROJECT_VERSION = 1;
				DEBUG_INFORMATION_FORMAT = "dwarf-with-dsym";
				DEVELOPMENT_ASSET_PATHS = "\"Example-iOS/Preview Content\"";
				DEVELOPMENT_TEAM = "";
				"DEVELOPMENT_TEAM[sdk=iphoneos*]" = 5636JWQJGM;
				ENABLE_PREVIEWS = YES;
				ENABLE_USER_SCRIPT_SANDBOXING = NO;
				GENERATE_INFOPLIST_FILE = YES;
				INFOPLIST_KEY_UIApplicationSceneManifest_Generation = YES;
				INFOPLIST_KEY_UIApplicationSupportsIndirectInputEvents = YES;
				INFOPLIST_KEY_UILaunchScreen_Generation = YES;
				INFOPLIST_KEY_UISupportedInterfaceOrientations_iPad = "UIInterfaceOrientationPortrait UIInterfaceOrientationPortraitUpsideDown UIInterfaceOrientationLandscapeLeft UIInterfaceOrientationLandscapeRight";
				INFOPLIST_KEY_UISupportedInterfaceOrientations_iPhone = "UIInterfaceOrientationPortrait UIInterfaceOrientationLandscapeLeft UIInterfaceOrientationLandscapeRight";
				IPHONEOS_DEPLOYMENT_TARGET = "$(inherited)";
				LD_RUNPATH_SEARCH_PATHS = (
					"$(inherited)",
					"@executable_path/Frameworks",
				);
				MARKETING_VERSION = 1.0;
				OTHER_LDFLAGS = "-ObjC";
				PRODUCT_BUNDLE_IDENTIFIER = co.alcheclub.demo.ExampleiOS;
				PRODUCT_NAME = "$(TARGET_NAME)";
				PROVISIONING_PROFILE_SPECIFIER = "";
				"PROVISIONING_PROFILE_SPECIFIER[sdk=iphoneos*]" = "5636JWQJGM.co.alcheclub.demo.ExampleiOS Dev";
				SWIFT_EMIT_LOC_STRINGS = YES;
				SWIFT_STRICT_CONCURRENCY = complete;
				SWIFT_VERSION = 5.0;
				TARGETED_DEVICE_FAMILY = "1,2";
			};
			name = Debug;
		};
		F0FB21622BA977E900ECEB56 /* Release */ = {
			isa = XCBuildConfiguration;
			buildSettings = {
				ASSETCATALOG_COMPILER_APPICON_NAME = AppIcon;
				ASSETCATALOG_COMPILER_GLOBAL_ACCENT_COLOR_NAME = AccentColor;
				CODE_SIGN_STYLE = Manual;
				CURRENT_PROJECT_VERSION = 1;
				DEVELOPMENT_ASSET_PATHS = "\"Example-iOS/Preview Content\"";
				DEVELOPMENT_TEAM = "";
				ENABLE_PREVIEWS = YES;
				ENABLE_USER_SCRIPT_SANDBOXING = NO;
				GENERATE_INFOPLIST_FILE = YES;
				INFOPLIST_KEY_UIApplicationSceneManifest_Generation = YES;
				INFOPLIST_KEY_UIApplicationSupportsIndirectInputEvents = YES;
				INFOPLIST_KEY_UILaunchScreen_Generation = YES;
				INFOPLIST_KEY_UISupportedInterfaceOrientations_iPad = "UIInterfaceOrientationPortrait UIInterfaceOrientationPortraitUpsideDown UIInterfaceOrientationLandscapeLeft UIInterfaceOrientationLandscapeRight";
				INFOPLIST_KEY_UISupportedInterfaceOrientations_iPhone = "UIInterfaceOrientationPortrait UIInterfaceOrientationLandscapeLeft UIInterfaceOrientationLandscapeRight";
				IPHONEOS_DEPLOYMENT_TARGET = "$(inherited)";
				LD_RUNPATH_SEARCH_PATHS = (
					"$(inherited)",
					"@executable_path/Frameworks",
				);
				MARKETING_VERSION = 1.0;
				OTHER_LDFLAGS = "-ObjC";
				PRODUCT_BUNDLE_IDENTIFIER = co.alcheclub.demo.ExampleiOS;
				PRODUCT_NAME = "$(TARGET_NAME)";
				PROVISIONING_PROFILE_SPECIFIER = "";
				SWIFT_EMIT_LOC_STRINGS = YES;
				SWIFT_STRICT_CONCURRENCY = complete;
				SWIFT_VERSION = 5.0;
				TARGETED_DEVICE_FAMILY = "1,2";
			};
			name = Release;
		};
/* End XCBuildConfiguration section */

/* Begin XCConfigurationList section */
		F0FB212F2BA9767300ECEB56 /* Build configuration list for PBXProject "Examples" */ = {
			isa = XCConfigurationList;
			buildConfigurations = (
				F0FB21402BA9767500ECEB56 /* Debug */,
				F0FB21412BA9767500ECEB56 /* Release */,
			);
			defaultConfigurationIsVisible = 0;
			defaultConfigurationName = Release;
		};
		F0FB21602BA977E900ECEB56 /* Build configuration list for PBXNativeTarget "Example-iOS" */ = {
			isa = XCConfigurationList;
			buildConfigurations = (
				F0FB21612BA977E900ECEB56 /* Debug */,
				F0FB21622BA977E900ECEB56 /* Release */,
			);
			defaultConfigurationIsVisible = 0;
			defaultConfigurationName = Release;
		};
/* End XCConfigurationList section */
	};
	rootObject = F0FB212C2BA9767300ECEB56 /* Project object */;
}
